// !$*UTF8*$!
{
	archiveVersion = 1;
	classes = {
	};
	objectVersion = 46;
	objects = {

/* Begin PBXBuildFile section */
		7A60375A1E29468100255484 /* cv2.so in Frameworks */ = {isa = PBXBuildFile; fileRef = 7A6036F01E293E0700255484 /* cv2.so */; };
		7A60375B1E29468100255484 /* libopencv_calib3d.3.2.0.dylib in Frameworks */ = {isa = PBXBuildFile; fileRef = 7A6036F11E293E0700255484 /* libopencv_calib3d.3.2.0.dylib */; };
		7A60375C1E29468100255484 /* libopencv_calib3d.3.2.dylib in Frameworks */ = {isa = PBXBuildFile; fileRef = 7A6036F21E293E0700255484 /* libopencv_calib3d.3.2.dylib */; };
		7A60375D1E29468100255484 /* libopencv_calib3d.dylib in Frameworks */ = {isa = PBXBuildFile; fileRef = 7A6036F31E293E0700255484 /* libopencv_calib3d.dylib */; };
		7A60375E1E29468100255484 /* libopencv_core.3.2.0.dylib in Frameworks */ = {isa = PBXBuildFile; fileRef = 7A6036F41E293E0700255484 /* libopencv_core.3.2.0.dylib */; };
		7A60375F1E29468100255484 /* libopencv_core.3.2.dylib in Frameworks */ = {isa = PBXBuildFile; fileRef = 7A6036F51E293E0700255484 /* libopencv_core.3.2.dylib */; };
		7A6037601E29468100255484 /* libopencv_core.dylib in Frameworks */ = {isa = PBXBuildFile; fileRef = 7A6036F61E293E0700255484 /* libopencv_core.dylib */; };
		7A6037611E29468100255484 /* libopencv_features2d.3.2.0.dylib in Frameworks */ = {isa = PBXBuildFile; fileRef = 7A6036F71E293E0700255484 /* libopencv_features2d.3.2.0.dylib */; };
		7A6037621E29468100255484 /* libopencv_features2d.3.2.dylib in Frameworks */ = {isa = PBXBuildFile; fileRef = 7A6036F81E293E0700255484 /* libopencv_features2d.3.2.dylib */; };
		7A6037631E29468100255484 /* libopencv_features2d.dylib in Frameworks */ = {isa = PBXBuildFile; fileRef = 7A6036F91E293E0700255484 /* libopencv_features2d.dylib */; };
		7A6037641E29468100255484 /* libopencv_flann.3.2.0.dylib in Frameworks */ = {isa = PBXBuildFile; fileRef = 7A6036FA1E293E0700255484 /* libopencv_flann.3.2.0.dylib */; };
		7A6037651E29468100255484 /* libopencv_flann.3.2.dylib in Frameworks */ = {isa = PBXBuildFile; fileRef = 7A6036FB1E293E0700255484 /* libopencv_flann.3.2.dylib */; };
		7A6037661E29468100255484 /* libopencv_flann.dylib in Frameworks */ = {isa = PBXBuildFile; fileRef = 7A6036FC1E293E0700255484 /* libopencv_flann.dylib */; };
		7A6037671E29468100255484 /* libopencv_highgui.3.2.0.dylib in Frameworks */ = {isa = PBXBuildFile; fileRef = 7A6036FD1E293E0700255484 /* libopencv_highgui.3.2.0.dylib */; };
		7A6037681E29468100255484 /* libopencv_highgui.3.2.dylib in Frameworks */ = {isa = PBXBuildFile; fileRef = 7A6036FE1E293E0700255484 /* libopencv_highgui.3.2.dylib */; };
		7A6037691E29468100255484 /* libopencv_highgui.dylib in Frameworks */ = {isa = PBXBuildFile; fileRef = 7A6036FF1E293E0700255484 /* libopencv_highgui.dylib */; };
		7A60376A1E29468100255484 /* libopencv_imgcodecs.3.2.0.dylib in Frameworks */ = {isa = PBXBuildFile; fileRef = 7A6037001E293E0700255484 /* libopencv_imgcodecs.3.2.0.dylib */; };
		7A60376B1E29468100255484 /* libopencv_imgcodecs.3.2.dylib in Frameworks */ = {isa = PBXBuildFile; fileRef = 7A6037011E293E0700255484 /* libopencv_imgcodecs.3.2.dylib */; };
		7A60376C1E29468100255484 /* libopencv_imgcodecs.dylib in Frameworks */ = {isa = PBXBuildFile; fileRef = 7A6037021E293E0700255484 /* libopencv_imgcodecs.dylib */; };
		7A60376D1E29468100255484 /* libopencv_imgproc.3.2.0.dylib in Frameworks */ = {isa = PBXBuildFile; fileRef = 7A6037031E293E0700255484 /* libopencv_imgproc.3.2.0.dylib */; };
		7A60376E1E29468100255484 /* libopencv_imgproc.3.2.dylib in Frameworks */ = {isa = PBXBuildFile; fileRef = 7A6037041E293E0700255484 /* libopencv_imgproc.3.2.dylib */; };
		7A60376F1E29468100255484 /* libopencv_imgproc.dylib in Frameworks */ = {isa = PBXBuildFile; fileRef = 7A6037051E293E0700255484 /* libopencv_imgproc.dylib */; };
		7A6037701E29468100255484 /* libopencv_ml.3.2.0.dylib in Frameworks */ = {isa = PBXBuildFile; fileRef = 7A6037061E293E0700255484 /* libopencv_ml.3.2.0.dylib */; };
		7A6037711E29468100255484 /* libopencv_ml.3.2.dylib in Frameworks */ = {isa = PBXBuildFile; fileRef = 7A6037071E293E0700255484 /* libopencv_ml.3.2.dylib */; };
		7A6037721E29468100255484 /* libopencv_ml.dylib in Frameworks */ = {isa = PBXBuildFile; fileRef = 7A6037081E293E0700255484 /* libopencv_ml.dylib */; };
		7A6037731E29468100255484 /* libopencv_objdetect.3.2.0.dylib in Frameworks */ = {isa = PBXBuildFile; fileRef = 7A6037091E293E0700255484 /* libopencv_objdetect.3.2.0.dylib */; };
		7A6037741E29468100255484 /* libopencv_objdetect.3.2.dylib in Frameworks */ = {isa = PBXBuildFile; fileRef = 7A60370A1E293E0700255484 /* libopencv_objdetect.3.2.dylib */; };
		7A6037751E29468100255484 /* libopencv_objdetect.dylib in Frameworks */ = {isa = PBXBuildFile; fileRef = 7A60370B1E293E0700255484 /* libopencv_objdetect.dylib */; };
		7A6037761E29468100255484 /* libopencv_photo.3.2.0.dylib in Frameworks */ = {isa = PBXBuildFile; fileRef = 7A60370C1E293E0700255484 /* libopencv_photo.3.2.0.dylib */; };
		7A6037771E29468100255484 /* libopencv_photo.3.2.dylib in Frameworks */ = {isa = PBXBuildFile; fileRef = 7A60370D1E293E0700255484 /* libopencv_photo.3.2.dylib */; };
		7A6037781E29468100255484 /* libopencv_photo.dylib in Frameworks */ = {isa = PBXBuildFile; fileRef = 7A60370E1E293E0700255484 /* libopencv_photo.dylib */; };
		7A6037791E29468100255484 /* libopencv_shape.3.2.0.dylib in Frameworks */ = {isa = PBXBuildFile; fileRef = 7A60370F1E293E0700255484 /* libopencv_shape.3.2.0.dylib */; };
		7A60377A1E29468100255484 /* libopencv_shape.3.2.dylib in Frameworks */ = {isa = PBXBuildFile; fileRef = 7A6037101E293E0700255484 /* libopencv_shape.3.2.dylib */; };
		7A60377B1E29468100255484 /* libopencv_shape.dylib in Frameworks */ = {isa = PBXBuildFile; fileRef = 7A6037111E293E0700255484 /* libopencv_shape.dylib */; };
		7A60377C1E29468100255484 /* libopencv_stitching.3.2.0.dylib in Frameworks */ = {isa = PBXBuildFile; fileRef = 7A6037121E293E0700255484 /* libopencv_stitching.3.2.0.dylib */; };
		7A60377D1E29468100255484 /* libopencv_stitching.3.2.dylib in Frameworks */ = {isa = PBXBuildFile; fileRef = 7A6037131E293E0700255484 /* libopencv_stitching.3.2.dylib */; };
		7A60377E1E29468100255484 /* libopencv_stitching.dylib in Frameworks */ = {isa = PBXBuildFile; fileRef = 7A6037141E293E0700255484 /* libopencv_stitching.dylib */; };
		7A60377F1E29468100255484 /* libopencv_superres.3.2.0.dylib in Frameworks */ = {isa = PBXBuildFile; fileRef = 7A6037151E293E0700255484 /* libopencv_superres.3.2.0.dylib */; };
		7A6037801E29468100255484 /* libopencv_superres.3.2.dylib in Frameworks */ = {isa = PBXBuildFile; fileRef = 7A6037161E293E0700255484 /* libopencv_superres.3.2.dylib */; };
		7A6037811E29468100255484 /* libopencv_superres.dylib in Frameworks */ = {isa = PBXBuildFile; fileRef = 7A6037171E293E0700255484 /* libopencv_superres.dylib */; };
		7A6037821E29468200255484 /* libopencv_ts.a in Frameworks */ = {isa = PBXBuildFile; fileRef = 7A6037181E293E0700255484 /* libopencv_ts.a */; };
		7A6037831E29468200255484 /* libopencv_video.3.2.0.dylib in Frameworks */ = {isa = PBXBuildFile; fileRef = 7A6037191E293E0700255484 /* libopencv_video.3.2.0.dylib */; };
		7A6037841E29468200255484 /* libopencv_video.3.2.dylib in Frameworks */ = {isa = PBXBuildFile; fileRef = 7A60371A1E293E0700255484 /* libopencv_video.3.2.dylib */; };
		7A6037851E29468200255484 /* libopencv_video.dylib in Frameworks */ = {isa = PBXBuildFile; fileRef = 7A60371B1E293E0700255484 /* libopencv_video.dylib */; };
		7A6037861E29468200255484 /* libopencv_videoio.3.2.0.dylib in Frameworks */ = {isa = PBXBuildFile; fileRef = 7A60371C1E293E0700255484 /* libopencv_videoio.3.2.0.dylib */; };
		7A6037871E29468200255484 /* libopencv_videoio.3.2.dylib in Frameworks */ = {isa = PBXBuildFile; fileRef = 7A60371D1E293E0700255484 /* libopencv_videoio.3.2.dylib */; };
		7A6037881E29468200255484 /* libopencv_videoio.dylib in Frameworks */ = {isa = PBXBuildFile; fileRef = 7A60371E1E293E0700255484 /* libopencv_videoio.dylib */; };
		7A6037891E29468200255484 /* libopencv_videostab.3.2.0.dylib in Frameworks */ = {isa = PBXBuildFile; fileRef = 7A60371F1E293E0700255484 /* libopencv_videostab.3.2.0.dylib */; };
		7A60378A1E29468200255484 /* libopencv_videostab.3.2.dylib in Frameworks */ = {isa = PBXBuildFile; fileRef = 7A6037201E293E0700255484 /* libopencv_videostab.3.2.dylib */; };
		7A60378B1E29468200255484 /* libopencv_videostab.dylib in Frameworks */ = {isa = PBXBuildFile; fileRef = 7A6037211E293E0700255484 /* libopencv_videostab.dylib */; };
		7A60378C1E29468900255484 /* openFrameworksDebug.a in Frameworks */ = {isa = PBXBuildFile; fileRef = E4328148138ABC890047C5CB /* openFrameworksDebug.a */; };
		7A65B8B81CDAB87700F7484A /* video.cpp in Sources */ = {isa = PBXBuildFile; fileRef = 7A65B8B61CDAB87700F7484A /* video.cpp */; };
		E4B69E200A3A1BDC003C02F2 /* main.cpp in Sources */ = {isa = PBXBuildFile; fileRef = E4B69E1D0A3A1BDC003C02F2 /* main.cpp */; };
		E4B69E210A3A1BDC003C02F2 /* ofApp.cpp in Sources */ = {isa = PBXBuildFile; fileRef = E4B69E1E0A3A1BDC003C02F2 /* ofApp.cpp */; };
/* End PBXBuildFile section */

/* Begin PBXContainerItemProxy section */
		E4328147138ABC890047C5CB /* PBXContainerItemProxy */ = {
			isa = PBXContainerItemProxy;
			containerPortal = E4328143138ABC890047C5CB /* openFrameworksLib.xcodeproj */;
			proxyType = 2;
			remoteGlobalIDString = E4B27C1510CBEB8E00536013;
			remoteInfo = openFrameworks;
		};
		E4EEB9AB138B136A00A80321 /* PBXContainerItemProxy */ = {
			isa = PBXContainerItemProxy;
			containerPortal = E4328143138ABC890047C5CB /* openFrameworksLib.xcodeproj */;
			proxyType = 1;
			remoteGlobalIDString = E4B27C1410CBEB8E00536013;
			remoteInfo = openFrameworks;
		};
/* End PBXContainerItemProxy section */

/* Begin PBXCopyFilesBuildPhase section */
		E4C2427710CC5ABF004149E2 /* CopyFiles */ = {
			isa = PBXCopyFilesBuildPhase;
			buildActionMask = 2147483647;
			dstPath = "";
			dstSubfolderSpec = 10;
			files = (
			);
			runOnlyForDeploymentPostprocessing = 0;
		};
/* End PBXCopyFilesBuildPhase section */

/* Begin PBXFileReference section */
		7A6036F01E293E0700255484 /* cv2.so */ = {isa = PBXFileReference; lastKnownFileType = "compiled.mach-o.bundle"; name = cv2.so; path = Frameworks/cv2.so; sourceTree = "<group>"; };
		7A6036F11E293E0700255484 /* libopencv_calib3d.3.2.0.dylib */ = {isa = PBXFileReference; lastKnownFileType = "compiled.mach-o.dylib"; name = libopencv_calib3d.3.2.0.dylib; path = Frameworks/libopencv_calib3d.3.2.0.dylib; sourceTree = "<group>"; };
		7A6036F21E293E0700255484 /* libopencv_calib3d.3.2.dylib */ = {isa = PBXFileReference; lastKnownFileType = "compiled.mach-o.dylib"; name = libopencv_calib3d.3.2.dylib; path = Frameworks/libopencv_calib3d.3.2.dylib; sourceTree = "<group>"; };
		7A6036F31E293E0700255484 /* libopencv_calib3d.dylib */ = {isa = PBXFileReference; lastKnownFileType = "compiled.mach-o.dylib"; name = libopencv_calib3d.dylib; path = Frameworks/libopencv_calib3d.dylib; sourceTree = "<group>"; };
		7A6036F41E293E0700255484 /* libopencv_core.3.2.0.dylib */ = {isa = PBXFileReference; lastKnownFileType = "compiled.mach-o.dylib"; name = libopencv_core.3.2.0.dylib; path = Frameworks/libopencv_core.3.2.0.dylib; sourceTree = "<group>"; };
		7A6036F51E293E0700255484 /* libopencv_core.3.2.dylib */ = {isa = PBXFileReference; lastKnownFileType = "compiled.mach-o.dylib"; name = libopencv_core.3.2.dylib; path = Frameworks/libopencv_core.3.2.dylib; sourceTree = "<group>"; };
		7A6036F61E293E0700255484 /* libopencv_core.dylib */ = {isa = PBXFileReference; lastKnownFileType = "compiled.mach-o.dylib"; name = libopencv_core.dylib; path = Frameworks/libopencv_core.dylib; sourceTree = "<group>"; };
		7A6036F71E293E0700255484 /* libopencv_features2d.3.2.0.dylib */ = {isa = PBXFileReference; lastKnownFileType = "compiled.mach-o.dylib"; name = libopencv_features2d.3.2.0.dylib; path = Frameworks/libopencv_features2d.3.2.0.dylib; sourceTree = "<group>"; };
		7A6036F81E293E0700255484 /* libopencv_features2d.3.2.dylib */ = {isa = PBXFileReference; lastKnownFileType = "compiled.mach-o.dylib"; name = libopencv_features2d.3.2.dylib; path = Frameworks/libopencv_features2d.3.2.dylib; sourceTree = "<group>"; };
		7A6036F91E293E0700255484 /* libopencv_features2d.dylib */ = {isa = PBXFileReference; lastKnownFileType = "compiled.mach-o.dylib"; name = libopencv_features2d.dylib; path = Frameworks/libopencv_features2d.dylib; sourceTree = "<group>"; };
		7A6036FA1E293E0700255484 /* libopencv_flann.3.2.0.dylib */ = {isa = PBXFileReference; lastKnownFileType = "compiled.mach-o.dylib"; name = libopencv_flann.3.2.0.dylib; path = Frameworks/libopencv_flann.3.2.0.dylib; sourceTree = "<group>"; };
		7A6036FB1E293E0700255484 /* libopencv_flann.3.2.dylib */ = {isa = PBXFileReference; lastKnownFileType = "compiled.mach-o.dylib"; name = libopencv_flann.3.2.dylib; path = Frameworks/libopencv_flann.3.2.dylib; sourceTree = "<group>"; };
		7A6036FC1E293E0700255484 /* libopencv_flann.dylib */ = {isa = PBXFileReference; lastKnownFileType = "compiled.mach-o.dylib"; name = libopencv_flann.dylib; path = Frameworks/libopencv_flann.dylib; sourceTree = "<group>"; };
		7A6036FD1E293E0700255484 /* libopencv_highgui.3.2.0.dylib */ = {isa = PBXFileReference; lastKnownFileType = "compiled.mach-o.dylib"; name = libopencv_highgui.3.2.0.dylib; path = Frameworks/libopencv_highgui.3.2.0.dylib; sourceTree = "<group>"; };
		7A6036FE1E293E0700255484 /* libopencv_highgui.3.2.dylib */ = {isa = PBXFileReference; lastKnownFileType = "compiled.mach-o.dylib"; name = libopencv_highgui.3.2.dylib; path = Frameworks/libopencv_highgui.3.2.dylib; sourceTree = "<group>"; };
		7A6036FF1E293E0700255484 /* libopencv_highgui.dylib */ = {isa = PBXFileReference; lastKnownFileType = "compiled.mach-o.dylib"; name = libopencv_highgui.dylib; path = Frameworks/libopencv_highgui.dylib; sourceTree = "<group>"; };
		7A6037001E293E0700255484 /* libopencv_imgcodecs.3.2.0.dylib */ = {isa = PBXFileReference; lastKnownFileType = "compiled.mach-o.dylib"; name = libopencv_imgcodecs.3.2.0.dylib; path = Frameworks/libopencv_imgcodecs.3.2.0.dylib; sourceTree = "<group>"; };
		7A6037011E293E0700255484 /* libopencv_imgcodecs.3.2.dylib */ = {isa = PBXFileReference; lastKnownFileType = "compiled.mach-o.dylib"; name = libopencv_imgcodecs.3.2.dylib; path = Frameworks/libopencv_imgcodecs.3.2.dylib; sourceTree = "<group>"; };
		7A6037021E293E0700255484 /* libopencv_imgcodecs.dylib */ = {isa = PBXFileReference; lastKnownFileType = "compiled.mach-o.dylib"; name = libopencv_imgcodecs.dylib; path = Frameworks/libopencv_imgcodecs.dylib; sourceTree = "<group>"; };
		7A6037031E293E0700255484 /* libopencv_imgproc.3.2.0.dylib */ = {isa = PBXFileReference; lastKnownFileType = "compiled.mach-o.dylib"; name = libopencv_imgproc.3.2.0.dylib; path = Frameworks/libopencv_imgproc.3.2.0.dylib; sourceTree = "<group>"; };
		7A6037041E293E0700255484 /* libopencv_imgproc.3.2.dylib */ = {isa = PBXFileReference; lastKnownFileType = "compiled.mach-o.dylib"; name = libopencv_imgproc.3.2.dylib; path = Frameworks/libopencv_imgproc.3.2.dylib; sourceTree = "<group>"; };
		7A6037051E293E0700255484 /* libopencv_imgproc.dylib */ = {isa = PBXFileReference; lastKnownFileType = "compiled.mach-o.dylib"; name = libopencv_imgproc.dylib; path = Frameworks/libopencv_imgproc.dylib; sourceTree = "<group>"; };
		7A6037061E293E0700255484 /* libopencv_ml.3.2.0.dylib */ = {isa = PBXFileReference; lastKnownFileType = "compiled.mach-o.dylib"; name = libopencv_ml.3.2.0.dylib; path = Frameworks/libopencv_ml.3.2.0.dylib; sourceTree = "<group>"; };
		7A6037071E293E0700255484 /* libopencv_ml.3.2.dylib */ = {isa = PBXFileReference; lastKnownFileType = "compiled.mach-o.dylib"; name = libopencv_ml.3.2.dylib; path = Frameworks/libopencv_ml.3.2.dylib; sourceTree = "<group>"; };
		7A6037081E293E0700255484 /* libopencv_ml.dylib */ = {isa = PBXFileReference; lastKnownFileType = "compiled.mach-o.dylib"; name = libopencv_ml.dylib; path = Frameworks/libopencv_ml.dylib; sourceTree = "<group>"; };
		7A6037091E293E0700255484 /* libopencv_objdetect.3.2.0.dylib */ = {isa = PBXFileReference; lastKnownFileType = "compiled.mach-o.dylib"; name = libopencv_objdetect.3.2.0.dylib; path = Frameworks/libopencv_objdetect.3.2.0.dylib; sourceTree = "<group>"; };
		7A60370A1E293E0700255484 /* libopencv_objdetect.3.2.dylib */ = {isa = PBXFileReference; lastKnownFileType = "compiled.mach-o.dylib"; name = libopencv_objdetect.3.2.dylib; path = Frameworks/libopencv_objdetect.3.2.dylib; sourceTree = "<group>"; };
		7A60370B1E293E0700255484 /* libopencv_objdetect.dylib */ = {isa = PBXFileReference; lastKnownFileType = "compiled.mach-o.dylib"; name = libopencv_objdetect.dylib; path = Frameworks/libopencv_objdetect.dylib; sourceTree = "<group>"; };
		7A60370C1E293E0700255484 /* libopencv_photo.3.2.0.dylib */ = {isa = PBXFileReference; lastKnownFileType = "compiled.mach-o.dylib"; name = libopencv_photo.3.2.0.dylib; path = Frameworks/libopencv_photo.3.2.0.dylib; sourceTree = "<group>"; };
		7A60370D1E293E0700255484 /* libopencv_photo.3.2.dylib */ = {isa = PBXFileReference; lastKnownFileType = "compiled.mach-o.dylib"; name = libopencv_photo.3.2.dylib; path = Frameworks/libopencv_photo.3.2.dylib; sourceTree = "<group>"; };
		7A60370E1E293E0700255484 /* libopencv_photo.dylib */ = {isa = PBXFileReference; lastKnownFileType = "compiled.mach-o.dylib"; name = libopencv_photo.dylib; path = Frameworks/libopencv_photo.dylib; sourceTree = "<group>"; };
		7A60370F1E293E0700255484 /* libopencv_shape.3.2.0.dylib */ = {isa = PBXFileReference; lastKnownFileType = "compiled.mach-o.dylib"; name = libopencv_shape.3.2.0.dylib; path = Frameworks/libopencv_shape.3.2.0.dylib; sourceTree = "<group>"; };
		7A6037101E293E0700255484 /* libopencv_shape.3.2.dylib */ = {isa = PBXFileReference; lastKnownFileType = "compiled.mach-o.dylib"; name = libopencv_shape.3.2.dylib; path = Frameworks/libopencv_shape.3.2.dylib; sourceTree = "<group>"; };
		7A6037111E293E0700255484 /* libopencv_shape.dylib */ = {isa = PBXFileReference; lastKnownFileType = "compiled.mach-o.dylib"; name = libopencv_shape.dylib; path = Frameworks/libopencv_shape.dylib; sourceTree = "<group>"; };
		7A6037121E293E0700255484 /* libopencv_stitching.3.2.0.dylib */ = {isa = PBXFileReference; lastKnownFileType = "compiled.mach-o.dylib"; name = libopencv_stitching.3.2.0.dylib; path = Frameworks/libopencv_stitching.3.2.0.dylib; sourceTree = "<group>"; };
		7A6037131E293E0700255484 /* libopencv_stitching.3.2.dylib */ = {isa = PBXFileReference; lastKnownFileType = "compiled.mach-o.dylib"; name = libopencv_stitching.3.2.dylib; path = Frameworks/libopencv_stitching.3.2.dylib; sourceTree = "<group>"; };
		7A6037141E293E0700255484 /* libopencv_stitching.dylib */ = {isa = PBXFileReference; lastKnownFileType = "compiled.mach-o.dylib"; name = libopencv_stitching.dylib; path = Frameworks/libopencv_stitching.dylib; sourceTree = "<group>"; };
		7A6037151E293E0700255484 /* libopencv_superres.3.2.0.dylib */ = {isa = PBXFileReference; lastKnownFileType = "compiled.mach-o.dylib"; name = libopencv_superres.3.2.0.dylib; path = Frameworks/libopencv_superres.3.2.0.dylib; sourceTree = "<group>"; };
		7A6037161E293E0700255484 /* libopencv_superres.3.2.dylib */ = {isa = PBXFileReference; lastKnownFileType = "compiled.mach-o.dylib"; name = libopencv_superres.3.2.dylib; path = Frameworks/libopencv_superres.3.2.dylib; sourceTree = "<group>"; };
		7A6037171E293E0700255484 /* libopencv_superres.dylib */ = {isa = PBXFileReference; lastKnownFileType = "compiled.mach-o.dylib"; name = libopencv_superres.dylib; path = Frameworks/libopencv_superres.dylib; sourceTree = "<group>"; };
		7A6037181E293E0700255484 /* libopencv_ts.a */ = {isa = PBXFileReference; lastKnownFileType = archive.ar; name = libopencv_ts.a; path = Frameworks/libopencv_ts.a; sourceTree = "<group>"; };
		7A6037191E293E0700255484 /* libopencv_video.3.2.0.dylib */ = {isa = PBXFileReference; lastKnownFileType = "compiled.mach-o.dylib"; name = libopencv_video.3.2.0.dylib; path = Frameworks/libopencv_video.3.2.0.dylib; sourceTree = "<group>"; };
		7A60371A1E293E0700255484 /* libopencv_video.3.2.dylib */ = {isa = PBXFileReference; lastKnownFileType = "compiled.mach-o.dylib"; name = libopencv_video.3.2.dylib; path = Frameworks/libopencv_video.3.2.dylib; sourceTree = "<group>"; };
		7A60371B1E293E0700255484 /* libopencv_video.dylib */ = {isa = PBXFileReference; lastKnownFileType = "compiled.mach-o.dylib"; name = libopencv_video.dylib; path = Frameworks/libopencv_video.dylib; sourceTree = "<group>"; };
		7A60371C1E293E0700255484 /* libopencv_videoio.3.2.0.dylib */ = {isa = PBXFileReference; lastKnownFileType = "compiled.mach-o.dylib"; name = libopencv_videoio.3.2.0.dylib; path = Frameworks/libopencv_videoio.3.2.0.dylib; sourceTree = "<group>"; };
		7A60371D1E293E0700255484 /* libopencv_videoio.3.2.dylib */ = {isa = PBXFileReference; lastKnownFileType = "compiled.mach-o.dylib"; name = libopencv_videoio.3.2.dylib; path = Frameworks/libopencv_videoio.3.2.dylib; sourceTree = "<group>"; };
		7A60371E1E293E0700255484 /* libopencv_videoio.dylib */ = {isa = PBXFileReference; lastKnownFileType = "compiled.mach-o.dylib"; name = libopencv_videoio.dylib; path = Frameworks/libopencv_videoio.dylib; sourceTree = "<group>"; };
		7A60371F1E293E0700255484 /* libopencv_videostab.3.2.0.dylib */ = {isa = PBXFileReference; lastKnownFileType = "compiled.mach-o.dylib"; name = libopencv_videostab.3.2.0.dylib; path = Frameworks/libopencv_videostab.3.2.0.dylib; sourceTree = "<group>"; };
		7A6037201E293E0700255484 /* libopencv_videostab.3.2.dylib */ = {isa = PBXFileReference; lastKnownFileType = "compiled.mach-o.dylib"; name = libopencv_videostab.3.2.dylib; path = Frameworks/libopencv_videostab.3.2.dylib; sourceTree = "<group>"; };
		7A6037211E293E0700255484 /* libopencv_videostab.dylib */ = {isa = PBXFileReference; lastKnownFileType = "compiled.mach-o.dylib"; name = libopencv_videostab.dylib; path = Frameworks/libopencv_videostab.dylib; sourceTree = "<group>"; };
		7A6037541E29447400255484 /* libc++abi.tbd */ = {isa = PBXFileReference; lastKnownFileType = "sourcecode.text-based-dylib-definition"; name = "libc++abi.tbd"; path = "usr/lib/libc++abi.tbd"; sourceTree = SDKROOT; };
		7A6037561E2944BA00255484 /* cv2.so */ = {isa = PBXFileReference; lastKnownFileType = "compiled.mach-o.bundle"; name = cv2.so; path = ../../../../AlgoLab/VisionCode/VisionCode/Frameworks/cv2.so; sourceTree = "<group>"; };
		7A65B8B61CDAB87700F7484A /* video.cpp */ = {isa = PBXFileReference; fileEncoding = 4; lastKnownFileType = sourcecode.cpp.cpp; path = video.cpp; sourceTree = "<group>"; };
		7A65B8B71CDAB87700F7484A /* video.hpp */ = {isa = PBXFileReference; fileEncoding = 4; lastKnownFileType = sourcecode.cpp.h; path = video.hpp; sourceTree = "<group>"; };
		7A65B8B91CDAC03B00F7484A /* videothread.h */ = {isa = PBXFileReference; lastKnownFileType = sourcecode.c.h; path = videothread.h; sourceTree = "<group>"; };
		7A65B8BA1CDACCAA00F7484A /* ipthread.h */ = {isa = PBXFileReference; lastKnownFileType = sourcecode.c.h; path = ipthread.h; sourceTree = "<group>"; };
		E4328143138ABC890047C5CB /* openFrameworksLib.xcodeproj */ = {isa = PBXFileReference; lastKnownFileType = "wrapper.pb-project"; name = openFrameworksLib.xcodeproj; path = ../../../libs/openFrameworksCompiled/project/osx/openFrameworksLib.xcodeproj; sourceTree = SOURCE_ROOT; };
		E4B69B5B0A3A1756003C02F2 /* ofAlgoLabDebug.app */ = {isa = PBXFileReference; explicitFileType = wrapper.application; includeInIndex = 0; path = ofAlgoLabDebug.app; sourceTree = BUILT_PRODUCTS_DIR; };
		E4B69E1D0A3A1BDC003C02F2 /* main.cpp */ = {isa = PBXFileReference; fileEncoding = 30; lastKnownFileType = sourcecode.cpp.cpp; name = main.cpp; path = src/main.cpp; sourceTree = SOURCE_ROOT; };
		E4B69E1E0A3A1BDC003C02F2 /* ofApp.cpp */ = {isa = PBXFileReference; explicitFileType = sourcecode.cpp.cpp; fileEncoding = 30; name = ofApp.cpp; path = src/ofApp.cpp; sourceTree = SOURCE_ROOT; };
		E4B69E1F0A3A1BDC003C02F2 /* ofApp.h */ = {isa = PBXFileReference; fileEncoding = 30; lastKnownFileType = sourcecode.c.h; name = ofApp.h; path = src/ofApp.h; sourceTree = SOURCE_ROOT; };
		E4B6FCAD0C3E899E008CF71C /* openFrameworks-Info.plist */ = {isa = PBXFileReference; fileEncoding = 30; lastKnownFileType = text.plist.xml; path = "openFrameworks-Info.plist"; sourceTree = "<group>"; };
		E4EB691F138AFCF100A09F29 /* CoreOF.xcconfig */ = {isa = PBXFileReference; fileEncoding = 4; lastKnownFileType = text.xcconfig; name = CoreOF.xcconfig; path = ../../../libs/openFrameworksCompiled/project/osx/CoreOF.xcconfig; sourceTree = SOURCE_ROOT; };
		E4EB6923138AFD0F00A09F29 /* Project.xcconfig */ = {isa = PBXFileReference; fileEncoding = 4; lastKnownFileType = text.xcconfig; path = Project.xcconfig; sourceTree = "<group>"; };
/* End PBXFileReference section */

/* Begin PBXFrameworksBuildPhase section */
		7A6037591E29466B00255484 /* Frameworks */ = {
			isa = PBXFrameworksBuildPhase;
			buildActionMask = 2147483647;
			files = (
				7A60378C1E29468900255484 /* openFrameworksDebug.a in Frameworks */,
				7A60375A1E29468100255484 /* cv2.so in Frameworks */,
				7A60375B1E29468100255484 /* libopencv_calib3d.3.2.0.dylib in Frameworks */,
				7A60375C1E29468100255484 /* libopencv_calib3d.3.2.dylib in Frameworks */,
				7A60375D1E29468100255484 /* libopencv_calib3d.dylib in Frameworks */,
				7A60375E1E29468100255484 /* libopencv_core.3.2.0.dylib in Frameworks */,
				7A60375F1E29468100255484 /* libopencv_core.3.2.dylib in Frameworks */,
				7A6037601E29468100255484 /* libopencv_core.dylib in Frameworks */,
				7A6037611E29468100255484 /* libopencv_features2d.3.2.0.dylib in Frameworks */,
				7A6037621E29468100255484 /* libopencv_features2d.3.2.dylib in Frameworks */,
				7A6037631E29468100255484 /* libopencv_features2d.dylib in Frameworks */,
				7A6037641E29468100255484 /* libopencv_flann.3.2.0.dylib in Frameworks */,
				7A6037651E29468100255484 /* libopencv_flann.3.2.dylib in Frameworks */,
				7A6037661E29468100255484 /* libopencv_flann.dylib in Frameworks */,
				7A6037671E29468100255484 /* libopencv_highgui.3.2.0.dylib in Frameworks */,
				7A6037681E29468100255484 /* libopencv_highgui.3.2.dylib in Frameworks */,
				7A6037691E29468100255484 /* libopencv_highgui.dylib in Frameworks */,
				7A60376A1E29468100255484 /* libopencv_imgcodecs.3.2.0.dylib in Frameworks */,
				7A60376B1E29468100255484 /* libopencv_imgcodecs.3.2.dylib in Frameworks */,
				7A60376C1E29468100255484 /* libopencv_imgcodecs.dylib in Frameworks */,
				7A60376D1E29468100255484 /* libopencv_imgproc.3.2.0.dylib in Frameworks */,
				7A60376E1E29468100255484 /* libopencv_imgproc.3.2.dylib in Frameworks */,
				7A60376F1E29468100255484 /* libopencv_imgproc.dylib in Frameworks */,
				7A6037701E29468100255484 /* libopencv_ml.3.2.0.dylib in Frameworks */,
				7A6037711E29468100255484 /* libopencv_ml.3.2.dylib in Frameworks */,
				7A6037721E29468100255484 /* libopencv_ml.dylib in Frameworks */,
				7A6037731E29468100255484 /* libopencv_objdetect.3.2.0.dylib in Frameworks */,
				7A6037741E29468100255484 /* libopencv_objdetect.3.2.dylib in Frameworks */,
				7A6037751E29468100255484 /* libopencv_objdetect.dylib in Frameworks */,
				7A6037761E29468100255484 /* libopencv_photo.3.2.0.dylib in Frameworks */,
				7A6037771E29468100255484 /* libopencv_photo.3.2.dylib in Frameworks */,
				7A6037781E29468100255484 /* libopencv_photo.dylib in Frameworks */,
				7A6037791E29468100255484 /* libopencv_shape.3.2.0.dylib in Frameworks */,
				7A60377A1E29468100255484 /* libopencv_shape.3.2.dylib in Frameworks */,
				7A60377B1E29468100255484 /* libopencv_shape.dylib in Frameworks */,
				7A60377C1E29468100255484 /* libopencv_stitching.3.2.0.dylib in Frameworks */,
				7A60377D1E29468100255484 /* libopencv_stitching.3.2.dylib in Frameworks */,
				7A60377E1E29468100255484 /* libopencv_stitching.dylib in Frameworks */,
				7A60377F1E29468100255484 /* libopencv_superres.3.2.0.dylib in Frameworks */,
				7A6037801E29468100255484 /* libopencv_superres.3.2.dylib in Frameworks */,
				7A6037811E29468100255484 /* libopencv_superres.dylib in Frameworks */,
				7A6037821E29468200255484 /* libopencv_ts.a in Frameworks */,
				7A6037831E29468200255484 /* libopencv_video.3.2.0.dylib in Frameworks */,
				7A6037841E29468200255484 /* libopencv_video.3.2.dylib in Frameworks */,
				7A6037851E29468200255484 /* libopencv_video.dylib in Frameworks */,
				7A6037861E29468200255484 /* libopencv_videoio.3.2.0.dylib in Frameworks */,
				7A6037871E29468200255484 /* libopencv_videoio.3.2.dylib in Frameworks */,
				7A6037881E29468200255484 /* libopencv_videoio.dylib in Frameworks */,
				7A6037891E29468200255484 /* libopencv_videostab.3.2.0.dylib in Frameworks */,
				7A60378A1E29468200255484 /* libopencv_videostab.3.2.dylib in Frameworks */,
				7A60378B1E29468200255484 /* libopencv_videostab.dylib in Frameworks */,
			);
			runOnlyForDeploymentPostprocessing = 0;
		};
/* End PBXFrameworksBuildPhase section */

/* Begin PBXGroup section */
		6948EE371B920CB800B5AC1A /* local_addons */ = {
			isa = PBXGroup;
			children = (
			);
			name = local_addons;
			sourceTree = "<group>";
		};
		7A6036EF1E293E0700255484 /* Frameworks */ = {
			isa = PBXGroup;
			children = (
				7A6037561E2944BA00255484 /* cv2.so */,
				7A6037541E29447400255484 /* libc++abi.tbd */,
				7A6036F01E293E0700255484 /* cv2.so */,
				7A6036F11E293E0700255484 /* libopencv_calib3d.3.2.0.dylib */,
				7A6036F21E293E0700255484 /* libopencv_calib3d.3.2.dylib */,
				7A6036F31E293E0700255484 /* libopencv_calib3d.dylib */,
				7A6036F41E293E0700255484 /* libopencv_core.3.2.0.dylib */,
				7A6036F51E293E0700255484 /* libopencv_core.3.2.dylib */,
				7A6036F61E293E0700255484 /* libopencv_core.dylib */,
				7A6036F71E293E0700255484 /* libopencv_features2d.3.2.0.dylib */,
				7A6036F81E293E0700255484 /* libopencv_features2d.3.2.dylib */,
				7A6036F91E293E0700255484 /* libopencv_features2d.dylib */,
				7A6036FA1E293E0700255484 /* libopencv_flann.3.2.0.dylib */,
				7A6036FB1E293E0700255484 /* libopencv_flann.3.2.dylib */,
				7A6036FC1E293E0700255484 /* libopencv_flann.dylib */,
				7A6036FD1E293E0700255484 /* libopencv_highgui.3.2.0.dylib */,
				7A6036FE1E293E0700255484 /* libopencv_highgui.3.2.dylib */,
				7A6036FF1E293E0700255484 /* libopencv_highgui.dylib */,
				7A6037001E293E0700255484 /* libopencv_imgcodecs.3.2.0.dylib */,
				7A6037011E293E0700255484 /* libopencv_imgcodecs.3.2.dylib */,
				7A6037021E293E0700255484 /* libopencv_imgcodecs.dylib */,
				7A6037031E293E0700255484 /* libopencv_imgproc.3.2.0.dylib */,
				7A6037041E293E0700255484 /* libopencv_imgproc.3.2.dylib */,
				7A6037051E293E0700255484 /* libopencv_imgproc.dylib */,
				7A6037061E293E0700255484 /* libopencv_ml.3.2.0.dylib */,
				7A6037071E293E0700255484 /* libopencv_ml.3.2.dylib */,
				7A6037081E293E0700255484 /* libopencv_ml.dylib */,
				7A6037091E293E0700255484 /* libopencv_objdetect.3.2.0.dylib */,
				7A60370A1E293E0700255484 /* libopencv_objdetect.3.2.dylib */,
				7A60370B1E293E0700255484 /* libopencv_objdetect.dylib */,
				7A60370C1E293E0700255484 /* libopencv_photo.3.2.0.dylib */,
				7A60370D1E293E0700255484 /* libopencv_photo.3.2.dylib */,
				7A60370E1E293E0700255484 /* libopencv_photo.dylib */,
				7A60370F1E293E0700255484 /* libopencv_shape.3.2.0.dylib */,
				7A6037101E293E0700255484 /* libopencv_shape.3.2.dylib */,
				7A6037111E293E0700255484 /* libopencv_shape.dylib */,
				7A6037121E293E0700255484 /* libopencv_stitching.3.2.0.dylib */,
				7A6037131E293E0700255484 /* libopencv_stitching.3.2.dylib */,
				7A6037141E293E0700255484 /* libopencv_stitching.dylib */,
				7A6037151E293E0700255484 /* libopencv_superres.3.2.0.dylib */,
				7A6037161E293E0700255484 /* libopencv_superres.3.2.dylib */,
				7A6037171E293E0700255484 /* libopencv_superres.dylib */,
				7A6037181E293E0700255484 /* libopencv_ts.a */,
				7A6037191E293E0700255484 /* libopencv_video.3.2.0.dylib */,
				7A60371A1E293E0700255484 /* libopencv_video.3.2.dylib */,
				7A60371B1E293E0700255484 /* libopencv_video.dylib */,
				7A60371C1E293E0700255484 /* libopencv_videoio.3.2.0.dylib */,
				7A60371D1E293E0700255484 /* libopencv_videoio.3.2.dylib */,
				7A60371E1E293E0700255484 /* libopencv_videoio.dylib */,
				7A60371F1E293E0700255484 /* libopencv_videostab.3.2.0.dylib */,
				7A6037201E293E0700255484 /* libopencv_videostab.3.2.dylib */,
				7A6037211E293E0700255484 /* libopencv_videostab.dylib */,
			);
			name = Frameworks;
			sourceTree = "<group>";
		};
		BB4B014C10F69532006C3DED /* addons */ = {
			isa = PBXGroup;
			children = (
			);
			name = addons;
			sourceTree = "<group>";
		};
		E4328144138ABC890047C5CB /* Products */ = {
			isa = PBXGroup;
			children = (
				E4328148138ABC890047C5CB /* openFrameworksDebug.a */,
			);
			name = Products;
			sourceTree = "<group>";
		};
		E4B69B4A0A3A1720003C02F2 = {
			isa = PBXGroup;
			children = (
				E4B6FCAD0C3E899E008CF71C /* openFrameworks-Info.plist */,
				E4EB6923138AFD0F00A09F29 /* Project.xcconfig */,
				E4B69E1C0A3A1BDC003C02F2 /* src */,
				E4EEC9E9138DF44700A80321 /* openFrameworks */,
				BB4B014C10F69532006C3DED /* addons */,
				6948EE371B920CB800B5AC1A /* local_addons */,
				E4B69B5B0A3A1756003C02F2 /* ofAlgoLabDebug.app */,
				7A6036EF1E293E0700255484 /* Frameworks */,
			);
			sourceTree = "<group>";
		};
		E4B69E1C0A3A1BDC003C02F2 /* src */ = {
			isa = PBXGroup;
			children = (
				E4B69E1D0A3A1BDC003C02F2 /* main.cpp */,
				7A65B8B91CDAC03B00F7484A /* videothread.h */,
				E4B69E1E0A3A1BDC003C02F2 /* ofApp.cpp */,
				E4B69E1F0A3A1BDC003C02F2 /* ofApp.h */,
				7A65B8B61CDAB87700F7484A /* video.cpp */,
				7A65B8B71CDAB87700F7484A /* video.hpp */,
				7A65B8BA1CDACCAA00F7484A /* ipthread.h */,
			);
			path = src;
			sourceTree = SOURCE_ROOT;
		};
		E4EEC9E9138DF44700A80321 /* openFrameworks */ = {
			isa = PBXGroup;
			children = (
				E4EB691F138AFCF100A09F29 /* CoreOF.xcconfig */,
				E4328143138ABC890047C5CB /* openFrameworksLib.xcodeproj */,
			);
			name = openFrameworks;
			sourceTree = "<group>";
		};
/* End PBXGroup section */

/* Begin PBXNativeTarget section */
		E4B69B5A0A3A1756003C02F2 /* ofAlgoLab */ = {
			isa = PBXNativeTarget;
			buildConfigurationList = E4B69B5F0A3A1757003C02F2 /* Build configuration list for PBXNativeTarget "ofAlgoLab" */;
			buildPhases = (
				E4B69B580A3A1756003C02F2 /* Sources */,
				E4B6FFFD0C3F9AB9008CF71C /* ShellScript */,
				E4C2427710CC5ABF004149E2 /* CopyFiles */,
				7A6037591E29466B00255484 /* Frameworks */,
			);
			buildRules = (
			);
			dependencies = (
				E4EEB9AC138B136A00A80321 /* PBXTargetDependency */,
			);
			name = ofAlgoLab;
			productName = myOFApp;
			productReference = E4B69B5B0A3A1756003C02F2 /* ofAlgoLabDebug.app */;
			productType = "com.apple.product-type.application";
		};
/* End PBXNativeTarget section */

/* Begin PBXProject section */
		E4B69B4C0A3A1720003C02F2 /* Project object */ = {
			isa = PBXProject;
			attributes = {
				LastUpgradeCheck = 0600;
			};
			buildConfigurationList = E4B69B4D0A3A1720003C02F2 /* Build configuration list for PBXProject "ofAlgoLab" */;
			compatibilityVersion = "Xcode 3.2";
			developmentRegion = English;
			hasScannedForEncodings = 0;
			knownRegions = (
				English,
				Japanese,
				French,
				German,
			);
			mainGroup = E4B69B4A0A3A1720003C02F2;
			productRefGroup = E4B69B4A0A3A1720003C02F2;
			projectDirPath = "";
			projectReferences = (
				{
					ProductGroup = E4328144138ABC890047C5CB /* Products */;
					ProjectRef = E4328143138ABC890047C5CB /* openFrameworksLib.xcodeproj */;
				},
			);
			projectRoot = "";
			targets = (
				E4B69B5A0A3A1756003C02F2 /* ofAlgoLab */,
			);
		};
/* End PBXProject section */

/* Begin PBXReferenceProxy section */
		E4328148138ABC890047C5CB /* openFrameworksDebug.a */ = {
			isa = PBXReferenceProxy;
			fileType = archive.ar;
			path = openFrameworksDebug.a;
			remoteRef = E4328147138ABC890047C5CB /* PBXContainerItemProxy */;
			sourceTree = BUILT_PRODUCTS_DIR;
		};
/* End PBXReferenceProxy section */

/* Begin PBXShellScriptBuildPhase section */
		E4B6FFFD0C3F9AB9008CF71C /* ShellScript */ = {
			isa = PBXShellScriptBuildPhase;
			buildActionMask = 2147483647;
			files = (
			);
			inputPaths = (
			);
			outputPaths = (
			);
			runOnlyForDeploymentPostprocessing = 0;
			shellPath = /bin/sh;
			shellScript = "mkdir -p \"$TARGET_BUILD_DIR/$PRODUCT_NAME.app/Contents/Resources/\"\n# Copy default icon file into App/Resources\nrsync -aved \"$ICON_FILE\" \"$TARGET_BUILD_DIR/$PRODUCT_NAME.app/Contents/Resources/\"\n# Copy libfmod and change install directory for fmod to run\nrsync -aved ../../../libs/fmodex/lib/osx/libfmodex.dylib \"$TARGET_BUILD_DIR/$PRODUCT_NAME.app/Contents/Frameworks/\";\ninstall_name_tool -change @executable_path/libfmodex.dylib @executable_path/../Frameworks/libfmodex.dylib \"$TARGET_BUILD_DIR/$PRODUCT_NAME.app/Contents/MacOS/$PRODUCT_NAME\";\n# Copy GLUT framework (must remove for AppStore submissions)\nrsync -aved ../../../libs/glut/lib/osx/GLUT.framework \"$TARGET_BUILD_DIR/$PRODUCT_NAME.app/Contents/Frameworks/\"\n";
		};
/* End PBXShellScriptBuildPhase section */

/* Begin PBXSourcesBuildPhase section */
		E4B69B580A3A1756003C02F2 /* Sources */ = {
			isa = PBXSourcesBuildPhase;
			buildActionMask = 2147483647;
			files = (
				E4B69E200A3A1BDC003C02F2 /* main.cpp in Sources */,
				E4B69E210A3A1BDC003C02F2 /* ofApp.cpp in Sources */,
				7A65B8B81CDAB87700F7484A /* video.cpp in Sources */,
			);
			runOnlyForDeploymentPostprocessing = 0;
		};
/* End PBXSourcesBuildPhase section */

/* Begin PBXTargetDependency section */
		E4EEB9AC138B136A00A80321 /* PBXTargetDependency */ = {
			isa = PBXTargetDependency;
			name = openFrameworks;
			targetProxy = E4EEB9AB138B136A00A80321 /* PBXContainerItemProxy */;
		};
/* End PBXTargetDependency section */

/* Begin XCBuildConfiguration section */
		E4B69B4E0A3A1720003C02F2 /* Debug */ = {
			isa = XCBuildConfiguration;
			baseConfigurationReference = E4EB6923138AFD0F00A09F29 /* Project.xcconfig */;
			buildSettings = {
				CONFIGURATION_BUILD_DIR = "$(SRCROOT)/bin/";
				COPY_PHASE_STRIP = NO;
				DEAD_CODE_STRIPPING = YES;
				GCC_AUTO_VECTORIZATION = YES;
				GCC_ENABLE_SSE3_EXTENSIONS = YES;
				GCC_ENABLE_SUPPLEMENTAL_SSE3_INSTRUCTIONS = YES;
				GCC_INLINES_ARE_PRIVATE_EXTERN = NO;
				GCC_OPTIMIZATION_LEVEL = 0;
				GCC_SYMBOLS_PRIVATE_EXTERN = NO;
				GCC_WARN_ABOUT_DEPRECATED_FUNCTIONS = YES;
				GCC_WARN_ABOUT_INVALID_OFFSETOF_MACRO = NO;
				GCC_WARN_ALLOW_INCOMPLETE_PROTOCOL = NO;
				GCC_WARN_UNINITIALIZED_AUTOS = NO;
				GCC_WARN_UNUSED_VALUE = NO;
				GCC_WARN_UNUSED_VARIABLE = NO;
				MACOSX_DEPLOYMENT_TARGET = 10.8;
				ONLY_ACTIVE_ARCH = YES;
				OTHER_CPLUSPLUSFLAGS = (
					"-D__MACOSX_CORE__",
					"-mtune=native",
				);
				SDKROOT = macosx;
			};
			name = Debug;
		};
		E4B69B4F0A3A1720003C02F2 /* Release */ = {
			isa = XCBuildConfiguration;
			baseConfigurationReference = E4EB6923138AFD0F00A09F29 /* Project.xcconfig */;
			buildSettings = {
				CONFIGURATION_BUILD_DIR = "$(SRCROOT)/bin/";
				COPY_PHASE_STRIP = YES;
				DEAD_CODE_STRIPPING = YES;
				GCC_AUTO_VECTORIZATION = YES;
				GCC_ENABLE_SSE3_EXTENSIONS = YES;
				GCC_ENABLE_SUPPLEMENTAL_SSE3_INSTRUCTIONS = YES;
				GCC_INLINES_ARE_PRIVATE_EXTERN = NO;
				GCC_OPTIMIZATION_LEVEL = 3;
				GCC_SYMBOLS_PRIVATE_EXTERN = NO;
				GCC_UNROLL_LOOPS = YES;
				GCC_WARN_ABOUT_DEPRECATED_FUNCTIONS = YES;
				GCC_WARN_ABOUT_INVALID_OFFSETOF_MACRO = NO;
				GCC_WARN_ALLOW_INCOMPLETE_PROTOCOL = NO;
				GCC_WARN_UNINITIALIZED_AUTOS = NO;
				GCC_WARN_UNUSED_VALUE = NO;
				GCC_WARN_UNUSED_VARIABLE = NO;
				MACOSX_DEPLOYMENT_TARGET = 10.8;
				OTHER_CPLUSPLUSFLAGS = (
					"-D__MACOSX_CORE__",
					"-mtune=native",
				);
				SDKROOT = macosx;
			};
			name = Release;
		};
		E4B69B600A3A1757003C02F2 /* Debug */ = {
			isa = XCBuildConfiguration;
			baseConfigurationReference = E4EB6923138AFD0F00A09F29 /* Project.xcconfig */;
			buildSettings = {
				CLANG_CXX_LIBRARY = "libc++";
				COMBINE_HIDPI_IMAGES = YES;
				COPY_PHASE_STRIP = NO;
				FRAMEWORK_SEARCH_PATHS = (
					"$(inherited)",
					"$(FRAMEWORK_SEARCH_PATHS_QUOTED_FOR_TARGET_1)",
				);
				FRAMEWORK_SEARCH_PATHS_QUOTED_FOR_TARGET_1 = "\"$(SRCROOT)/../../../libs/glut/lib/osx\"";
				GCC_DYNAMIC_NO_PIC = NO;
				GCC_GENERATE_DEBUGGING_SYMBOLS = YES;
				GCC_MODEL_TUNING = NONE;
				ICON = "$(ICON_NAME_DEBUG)";
				ICON_FILE = "$(ICON_FILE_PATH)$(ICON)";
				INFOPLIST_FILE = "openFrameworks-Info.plist";
				INSTALL_PATH = /Applications;
				LIBRARY_SEARCH_PATHS = (
					"$(inherited)",
					/usr/local/lib,
					"$(PROJECT_DIR)/Frameworks",
				);
				OTHER_LDFLAGS = (
					"$(OF_CORE_LIBS)",
					"$(OF_CORE_FRAMEWORKS)",
					"-lopencv_calib3d",
					"-lopencv_core",
					"-lopencv_features2d",
					"-lopencv_flann",
					"-lopencv_highgui",
					"-lopencv_imgproc",
					"-lopencv_ml",
					"-lopencv_objdetect",
					"-lopencv_photo",
					"-lopencv_stitching",
					"-lopencv_superres",
					"-lopencv_ts",
					"-lopencv_video",
					"-lopencv_videostab",
				);
				PRODUCT_NAME = "$(TARGET_NAME)Debug";
				USER_HEADER_SEARCH_PATHS = /usr/local/include;
				WRAPPER_EXTENSION = app;
			};
			name = Debug;
		};
		E4B69B610A3A1757003C02F2 /* Release */ = {
			isa = XCBuildConfiguration;
			baseConfigurationReference = E4EB6923138AFD0F00A09F29 /* Project.xcconfig */;
			buildSettings = {
				COMBINE_HIDPI_IMAGES = YES;
				COPY_PHASE_STRIP = YES;
				FRAMEWORK_SEARCH_PATHS = (
					"$(inherited)",
					"$(FRAMEWORK_SEARCH_PATHS_QUOTED_FOR_TARGET_1)",
				);
				FRAMEWORK_SEARCH_PATHS_QUOTED_FOR_TARGET_1 = "\"$(SRCROOT)/../../../libs/glut/lib/osx\"";
				GCC_GENERATE_DEBUGGING_SYMBOLS = YES;
				GCC_MODEL_TUNING = NONE;
				ICON = "$(ICON_NAME_RELEASE)";
				ICON_FILE = "$(ICON_FILE_PATH)$(ICON)";
				INFOPLIST_FILE = "openFrameworks-Info.plist";
				INSTALL_PATH = /Applications;
				LIBRARY_SEARCH_PATHS = (
					"$(inherited)",
					/usr/local/lib,
					"$(PROJECT_DIR)/Frameworks",
				);
				OTHER_LDFLAGS = (
					"$(OF_CORE_LIBS)",
					"$(OF_CORE_FRAMEWORKS)",
					"-lopencv_calib3d",
					"-lopencv_core",
					"-lopencv_features2d",
					"-lopencv_flann",
					"-lopencv_highgui",
					"-lopencv_imgproc",
					"-lopencv_ml",
					"-lopencv_objdetect",
					"-lopencv_photo",
					"-lopencv_stitching",
					"-lopencv_superres",
					"-lopencv_ts",
					"-lopencv_video",
					"-lopencv_videostab",
				);
				PRODUCT_NAME = "$(TARGET_NAME)";
				USER_HEADER_SEARCH_PATHS = /usr/local/include;
				WRAPPER_EXTENSION = app;
				baseConfigurationReference = E4EB6923138AFD0F00A09F29;
			};
			name = Release;
		};
/* End XCBuildConfiguration section */

/* Begin XCConfigurationList section */
		E4B69B4D0A3A1720003C02F2 /* Build configuration list for PBXProject "ofAlgoLab" */ = {
			isa = XCConfigurationList;
			buildConfigurations = (
				E4B69B4E0A3A1720003C02F2 /* Debug */,
				E4B69B4F0A3A1720003C02F2 /* Release */,
			);
			defaultConfigurationIsVisible = 0;
			defaultConfigurationName = Release;
		};
		E4B69B5F0A3A1757003C02F2 /* Build configuration list for PBXNativeTarget "ofAlgoLab" */ = {
			isa = XCConfigurationList;
			buildConfigurations = (
				E4B69B600A3A1757003C02F2 /* Debug */,
				E4B69B610A3A1757003C02F2 /* Release */,
			);
			defaultConfigurationIsVisible = 0;
			defaultConfigurationName = Release;
		};
/* End XCConfigurationList section */
	};
	rootObject = E4B69B4C0A3A1720003C02F2 /* Project object */;
}
