// !$*UTF8*$!
{
	archiveVersion = 1;
	classes = {
	};
	objectVersion = 47;
	objects = {

/* Begin PBXBuildFile section */
		7A0E0B2E1CDAA40A005C7649 /* main.cpp in Sources */ = {isa = PBXBuildFile; fileRef = 7A0E0B2D1CDAA40A005C7649 /* main.cpp */; };
		7A77360E1E284A01000DFE21 /* cv2.so in Frameworks */ = {isa = PBXBuildFile; fileRef = 7A7735DC1E284A01000DFE21 /* cv2.so */; };
		7A77360F1E284A01000DFE21 /* libopencv_calib3d.3.2.0.dylib in Frameworks */ = {isa = PBXBuildFile; fileRef = 7A7735DD1E284A01000DFE21 /* libopencv_calib3d.3.2.0.dylib */; };
		7A7736101E284A01000DFE21 /* libopencv_calib3d.3.2.dylib in Frameworks */ = {isa = PBXBuildFile; fileRef = 7A7735DE1E284A01000DFE21 /* libopencv_calib3d.3.2.dylib */; };
		7A7736111E284A01000DFE21 /* libopencv_calib3d.dylib in Frameworks */ = {isa = PBXBuildFile; fileRef = 7A7735DF1E284A01000DFE21 /* libopencv_calib3d.dylib */; };
		7A7736121E284A01000DFE21 /* libopencv_core.3.2.0.dylib in Frameworks */ = {isa = PBXBuildFile; fileRef = 7A7735E01E284A01000DFE21 /* libopencv_core.3.2.0.dylib */; };
		7A7736131E284A01000DFE21 /* libopencv_core.3.2.dylib in Frameworks */ = {isa = PBXBuildFile; fileRef = 7A7735E11E284A01000DFE21 /* libopencv_core.3.2.dylib */; };
		7A7736141E284A01000DFE21 /* libopencv_core.dylib in Frameworks */ = {isa = PBXBuildFile; fileRef = 7A7735E21E284A01000DFE21 /* libopencv_core.dylib */; };
		7A7736151E284A01000DFE21 /* libopencv_features2d.3.2.0.dylib in Frameworks */ = {isa = PBXBuildFile; fileRef = 7A7735E31E284A01000DFE21 /* libopencv_features2d.3.2.0.dylib */; };
		7A7736161E284A01000DFE21 /* libopencv_features2d.3.2.dylib in Frameworks */ = {isa = PBXBuildFile; fileRef = 7A7735E41E284A01000DFE21 /* libopencv_features2d.3.2.dylib */; };
		7A7736171E284A01000DFE21 /* libopencv_features2d.dylib in Frameworks */ = {isa = PBXBuildFile; fileRef = 7A7735E51E284A01000DFE21 /* libopencv_features2d.dylib */; };
		7A7736181E284A01000DFE21 /* libopencv_flann.3.2.0.dylib in Frameworks */ = {isa = PBXBuildFile; fileRef = 7A7735E61E284A01000DFE21 /* libopencv_flann.3.2.0.dylib */; };
		7A7736191E284A01000DFE21 /* libopencv_flann.3.2.dylib in Frameworks */ = {isa = PBXBuildFile; fileRef = 7A7735E71E284A01000DFE21 /* libopencv_flann.3.2.dylib */; };
		7A77361A1E284A01000DFE21 /* libopencv_flann.dylib in Frameworks */ = {isa = PBXBuildFile; fileRef = 7A7735E81E284A01000DFE21 /* libopencv_flann.dylib */; };
		7A77361B1E284A01000DFE21 /* libopencv_highgui.3.2.0.dylib in Frameworks */ = {isa = PBXBuildFile; fileRef = 7A7735E91E284A01000DFE21 /* libopencv_highgui.3.2.0.dylib */; };
		7A77361C1E284A01000DFE21 /* libopencv_highgui.3.2.dylib in Frameworks */ = {isa = PBXBuildFile; fileRef = 7A7735EA1E284A01000DFE21 /* libopencv_highgui.3.2.dylib */; };
		7A77361D1E284A01000DFE21 /* libopencv_highgui.dylib in Frameworks */ = {isa = PBXBuildFile; fileRef = 7A7735EB1E284A01000DFE21 /* libopencv_highgui.dylib */; };
		7A77361E1E284A01000DFE21 /* libopencv_imgcodecs.3.2.0.dylib in Frameworks */ = {isa = PBXBuildFile; fileRef = 7A7735EC1E284A01000DFE21 /* libopencv_imgcodecs.3.2.0.dylib */; };
		7A77361F1E284A01000DFE21 /* libopencv_imgcodecs.3.2.dylib in Frameworks */ = {isa = PBXBuildFile; fileRef = 7A7735ED1E284A01000DFE21 /* libopencv_imgcodecs.3.2.dylib */; };
		7A7736201E284A01000DFE21 /* libopencv_imgcodecs.dylib in Frameworks */ = {isa = PBXBuildFile; fileRef = 7A7735EE1E284A01000DFE21 /* libopencv_imgcodecs.dylib */; };
		7A7736211E284A01000DFE21 /* libopencv_imgproc.3.2.0.dylib in Frameworks */ = {isa = PBXBuildFile; fileRef = 7A7735EF1E284A01000DFE21 /* libopencv_imgproc.3.2.0.dylib */; };
		7A7736221E284A01000DFE21 /* libopencv_imgproc.3.2.dylib in Frameworks */ = {isa = PBXBuildFile; fileRef = 7A7735F01E284A01000DFE21 /* libopencv_imgproc.3.2.dylib */; };
		7A7736231E284A01000DFE21 /* libopencv_imgproc.dylib in Frameworks */ = {isa = PBXBuildFile; fileRef = 7A7735F11E284A01000DFE21 /* libopencv_imgproc.dylib */; };
		7A7736241E284A01000DFE21 /* libopencv_ml.3.2.0.dylib in Frameworks */ = {isa = PBXBuildFile; fileRef = 7A7735F21E284A01000DFE21 /* libopencv_ml.3.2.0.dylib */; };
		7A7736251E284A01000DFE21 /* libopencv_ml.3.2.dylib in Frameworks */ = {isa = PBXBuildFile; fileRef = 7A7735F31E284A01000DFE21 /* libopencv_ml.3.2.dylib */; };
		7A7736261E284A01000DFE21 /* libopencv_ml.dylib in Frameworks */ = {isa = PBXBuildFile; fileRef = 7A7735F41E284A01000DFE21 /* libopencv_ml.dylib */; };
		7A7736271E284A01000DFE21 /* libopencv_objdetect.3.2.0.dylib in Frameworks */ = {isa = PBXBuildFile; fileRef = 7A7735F51E284A01000DFE21 /* libopencv_objdetect.3.2.0.dylib */; };
		7A7736281E284A01000DFE21 /* libopencv_objdetect.3.2.dylib in Frameworks */ = {isa = PBXBuildFile; fileRef = 7A7735F61E284A01000DFE21 /* libopencv_objdetect.3.2.dylib */; };
		7A7736291E284A01000DFE21 /* libopencv_objdetect.dylib in Frameworks */ = {isa = PBXBuildFile; fileRef = 7A7735F71E284A01000DFE21 /* libopencv_objdetect.dylib */; };
		7A77362A1E284A01000DFE21 /* libopencv_photo.3.2.0.dylib in Frameworks */ = {isa = PBXBuildFile; fileRef = 7A7735F81E284A01000DFE21 /* libopencv_photo.3.2.0.dylib */; };
		7A77362B1E284A01000DFE21 /* libopencv_photo.3.2.dylib in Frameworks */ = {isa = PBXBuildFile; fileRef = 7A7735F91E284A01000DFE21 /* libopencv_photo.3.2.dylib */; };
		7A77362C1E284A01000DFE21 /* libopencv_photo.dylib in Frameworks */ = {isa = PBXBuildFile; fileRef = 7A7735FA1E284A01000DFE21 /* libopencv_photo.dylib */; };
		7A77362D1E284A01000DFE21 /* libopencv_shape.3.2.0.dylib in Frameworks */ = {isa = PBXBuildFile; fileRef = 7A7735FB1E284A01000DFE21 /* libopencv_shape.3.2.0.dylib */; };
		7A77362E1E284A01000DFE21 /* libopencv_shape.3.2.dylib in Frameworks */ = {isa = PBXBuildFile; fileRef = 7A7735FC1E284A01000DFE21 /* libopencv_shape.3.2.dylib */; };
		7A77362F1E284A01000DFE21 /* libopencv_shape.dylib in Frameworks */ = {isa = PBXBuildFile; fileRef = 7A7735FD1E284A01000DFE21 /* libopencv_shape.dylib */; };
		7A7736301E284A01000DFE21 /* libopencv_stitching.3.2.0.dylib in Frameworks */ = {isa = PBXBuildFile; fileRef = 7A7735FE1E284A01000DFE21 /* libopencv_stitching.3.2.0.dylib */; };
		7A7736311E284A01000DFE21 /* libopencv_stitching.3.2.dylib in Frameworks */ = {isa = PBXBuildFile; fileRef = 7A7735FF1E284A01000DFE21 /* libopencv_stitching.3.2.dylib */; };
		7A7736321E284A01000DFE21 /* libopencv_stitching.dylib in Frameworks */ = {isa = PBXBuildFile; fileRef = 7A7736001E284A01000DFE21 /* libopencv_stitching.dylib */; };
		7A7736331E284A01000DFE21 /* libopencv_superres.3.2.0.dylib in Frameworks */ = {isa = PBXBuildFile; fileRef = 7A7736011E284A01000DFE21 /* libopencv_superres.3.2.0.dylib */; };
		7A7736341E284A01000DFE21 /* libopencv_superres.3.2.dylib in Frameworks */ = {isa = PBXBuildFile; fileRef = 7A7736021E284A01000DFE21 /* libopencv_superres.3.2.dylib */; };
		7A7736351E284A01000DFE21 /* libopencv_superres.dylib in Frameworks */ = {isa = PBXBuildFile; fileRef = 7A7736031E284A01000DFE21 /* libopencv_superres.dylib */; };
		7A7736361E284A01000DFE21 /* libopencv_ts.a in Frameworks */ = {isa = PBXBuildFile; fileRef = 7A7736041E284A01000DFE21 /* libopencv_ts.a */; };
		7A7736371E284A01000DFE21 /* libopencv_video.3.2.0.dylib in Frameworks */ = {isa = PBXBuildFile; fileRef = 7A7736051E284A01000DFE21 /* libopencv_video.3.2.0.dylib */; };
		7A7736381E284A01000DFE21 /* libopencv_video.3.2.dylib in Frameworks */ = {isa = PBXBuildFile; fileRef = 7A7736061E284A01000DFE21 /* libopencv_video.3.2.dylib */; };
		7A7736391E284A01000DFE21 /* libopencv_video.dylib in Frameworks */ = {isa = PBXBuildFile; fileRef = 7A7736071E284A01000DFE21 /* libopencv_video.dylib */; };
		7A77363A1E284A01000DFE21 /* libopencv_videoio.3.2.0.dylib in Frameworks */ = {isa = PBXBuildFile; fileRef = 7A7736081E284A01000DFE21 /* libopencv_videoio.3.2.0.dylib */; };
		7A77363B1E284A01000DFE21 /* libopencv_videoio.3.2.dylib in Frameworks */ = {isa = PBXBuildFile; fileRef = 7A7736091E284A01000DFE21 /* libopencv_videoio.3.2.dylib */; };
		7A77363C1E284A01000DFE21 /* libopencv_videoio.dylib in Frameworks */ = {isa = PBXBuildFile; fileRef = 7A77360A1E284A01000DFE21 /* libopencv_videoio.dylib */; };
		7A77363D1E284A01000DFE21 /* libopencv_videostab.3.2.0.dylib in Frameworks */ = {isa = PBXBuildFile; fileRef = 7A77360B1E284A01000DFE21 /* libopencv_videostab.3.2.0.dylib */; };
		7A77363E1E284A01000DFE21 /* libopencv_videostab.3.2.dylib in Frameworks */ = {isa = PBXBuildFile; fileRef = 7A77360C1E284A01000DFE21 /* libopencv_videostab.3.2.dylib */; };
		7A77363F1E284A01000DFE21 /* libopencv_videostab.dylib in Frameworks */ = {isa = PBXBuildFile; fileRef = 7A77360D1E284A01000DFE21 /* libopencv_videostab.dylib */; };
/* End PBXBuildFile section */

/* Begin PBXCopyFilesBuildPhase section */
		7A0E0B281CDAA40A005C7649 /* CopyFiles */ = {
			isa = PBXCopyFilesBuildPhase;
			buildActionMask = 2147483647;
			dstPath = /usr/share/man/man1/;
			dstSubfolderSpec = 0;
			files = (
			);
			runOnlyForDeploymentPostprocessing = 1;
		};
/* End PBXCopyFilesBuildPhase section */

/* Begin PBXFileReference section */
		7A0E0B2A1CDAA40A005C7649 /* VisionCode */ = {isa = PBXFileReference; explicitFileType = "compiled.mach-o.executable"; includeInIndex = 0; path = VisionCode; sourceTree = BUILT_PRODUCTS_DIR; };
		7A0E0B2D1CDAA40A005C7649 /* main.cpp */ = {isa = PBXFileReference; lastKnownFileType = sourcecode.cpp.cpp; path = main.cpp; sourceTree = "<group>"; };
		7A7735DC1E284A01000DFE21 /* cv2.so */ = {isa = PBXFileReference; lastKnownFileType = "compiled.mach-o.bundle"; name = cv2.so; path = VisionCode/Frameworks/cv2.so; sourceTree = "<group>"; };
		7A7735DD1E284A01000DFE21 /* libopencv_calib3d.3.2.0.dylib */ = {isa = PBXFileReference; lastKnownFileType = "compiled.mach-o.dylib"; name = libopencv_calib3d.3.2.0.dylib; path = VisionCode/Frameworks/libopencv_calib3d.3.2.0.dylib; sourceTree = "<group>"; };
		7A7735DE1E284A01000DFE21 /* libopencv_calib3d.3.2.dylib */ = {isa = PBXFileReference; lastKnownFileType = "compiled.mach-o.dylib"; name = libopencv_calib3d.3.2.dylib; path = VisionCode/Frameworks/libopencv_calib3d.3.2.dylib; sourceTree = "<group>"; };
		7A7735DF1E284A01000DFE21 /* libopencv_calib3d.dylib */ = {isa = PBXFileReference; lastKnownFileType = "compiled.mach-o.dylib"; name = libopencv_calib3d.dylib; path = VisionCode/Frameworks/libopencv_calib3d.dylib; sourceTree = "<group>"; };
		7A7735E01E284A01000DFE21 /* libopencv_core.3.2.0.dylib */ = {isa = PBXFileReference; lastKnownFileType = "compiled.mach-o.dylib"; name = libopencv_core.3.2.0.dylib; path = VisionCode/Frameworks/libopencv_core.3.2.0.dylib; sourceTree = "<group>"; };
		7A7735E11E284A01000DFE21 /* libopencv_core.3.2.dylib */ = {isa = PBXFileReference; lastKnownFileType = "compiled.mach-o.dylib"; name = libopencv_core.3.2.dylib; path = VisionCode/Frameworks/libopencv_core.3.2.dylib; sourceTree = "<group>"; };
		7A7735E21E284A01000DFE21 /* libopencv_core.dylib */ = {isa = PBXFileReference; lastKnownFileType = "compiled.mach-o.dylib"; name = libopencv_core.dylib; path = VisionCode/Frameworks/libopencv_core.dylib; sourceTree = "<group>"; };
		7A7735E31E284A01000DFE21 /* libopencv_features2d.3.2.0.dylib */ = {isa = PBXFileReference; lastKnownFileType = "compiled.mach-o.dylib"; name = libopencv_features2d.3.2.0.dylib; path = VisionCode/Frameworks/libopencv_features2d.3.2.0.dylib; sourceTree = "<group>"; };
		7A7735E41E284A01000DFE21 /* libopencv_features2d.3.2.dylib */ = {isa = PBXFileReference; lastKnownFileType = "compiled.mach-o.dylib"; name = libopencv_features2d.3.2.dylib; path = VisionCode/Frameworks/libopencv_features2d.3.2.dylib; sourceTree = "<group>"; };
		7A7735E51E284A01000DFE21 /* libopencv_features2d.dylib */ = {isa = PBXFileReference; lastKnownFileType = "compiled.mach-o.dylib"; name = libopencv_features2d.dylib; path = VisionCode/Frameworks/libopencv_features2d.dylib; sourceTree = "<group>"; };
		7A7735E61E284A01000DFE21 /* libopencv_flann.3.2.0.dylib */ = {isa = PBXFileReference; lastKnownFileType = "compiled.mach-o.dylib"; name = libopencv_flann.3.2.0.dylib; path = VisionCode/Frameworks/libopencv_flann.3.2.0.dylib; sourceTree = "<group>"; };
		7A7735E71E284A01000DFE21 /* libopencv_flann.3.2.dylib */ = {isa = PBXFileReference; lastKnownFileType = "compiled.mach-o.dylib"; name = libopencv_flann.3.2.dylib; path = VisionCode/Frameworks/libopencv_flann.3.2.dylib; sourceTree = "<group>"; };
		7A7735E81E284A01000DFE21 /* libopencv_flann.dylib */ = {isa = PBXFileReference; lastKnownFileType = "compiled.mach-o.dylib"; name = libopencv_flann.dylib; path = VisionCode/Frameworks/libopencv_flann.dylib; sourceTree = "<group>"; };
		7A7735E91E284A01000DFE21 /* libopencv_highgui.3.2.0.dylib */ = {isa = PBXFileReference; lastKnownFileType = "compiled.mach-o.dylib"; name = libopencv_highgui.3.2.0.dylib; path = VisionCode/Frameworks/libopencv_highgui.3.2.0.dylib; sourceTree = "<group>"; };
		7A7735EA1E284A01000DFE21 /* libopencv_highgui.3.2.dylib */ = {isa = PBXFileReference; lastKnownFileType = "compiled.mach-o.dylib"; name = libopencv_highgui.3.2.dylib; path = VisionCode/Frameworks/libopencv_highgui.3.2.dylib; sourceTree = "<group>"; };
		7A7735EB1E284A01000DFE21 /* libopencv_highgui.dylib */ = {isa = PBXFileReference; lastKnownFileType = "compiled.mach-o.dylib"; name = libopencv_highgui.dylib; path = VisionCode/Frameworks/libopencv_highgui.dylib; sourceTree = "<group>"; };
		7A7735EC1E284A01000DFE21 /* libopencv_imgcodecs.3.2.0.dylib */ = {isa = PBXFileReference; lastKnownFileType = "compiled.mach-o.dylib"; name = libopencv_imgcodecs.3.2.0.dylib; path = VisionCode/Frameworks/libopencv_imgcodecs.3.2.0.dylib; sourceTree = "<group>"; };
		7A7735ED1E284A01000DFE21 /* libopencv_imgcodecs.3.2.dylib */ = {isa = PBXFileReference; lastKnownFileType = "compiled.mach-o.dylib"; name = libopencv_imgcodecs.3.2.dylib; path = VisionCode/Frameworks/libopencv_imgcodecs.3.2.dylib; sourceTree = "<group>"; };
		7A7735EE1E284A01000DFE21 /* libopencv_imgcodecs.dylib */ = {isa = PBXFileReference; lastKnownFileType = "compiled.mach-o.dylib"; name = libopencv_imgcodecs.dylib; path = VisionCode/Frameworks/libopencv_imgcodecs.dylib; sourceTree = "<group>"; };
		7A7735EF1E284A01000DFE21 /* libopencv_imgproc.3.2.0.dylib */ = {isa = PBXFileReference; lastKnownFileType = "compiled.mach-o.dylib"; name = libopencv_imgproc.3.2.0.dylib; path = VisionCode/Frameworks/libopencv_imgproc.3.2.0.dylib; sourceTree = "<group>"; };
		7A7735F01E284A01000DFE21 /* libopencv_imgproc.3.2.dylib */ = {isa = PBXFileReference; lastKnownFileType = "compiled.mach-o.dylib"; name = libopencv_imgproc.3.2.dylib; path = VisionCode/Frameworks/libopencv_imgproc.3.2.dylib; sourceTree = "<group>"; };
		7A7735F11E284A01000DFE21 /* libopencv_imgproc.dylib */ = {isa = PBXFileReference; lastKnownFileType = "compiled.mach-o.dylib"; name = libopencv_imgproc.dylib; path = VisionCode/Frameworks/libopencv_imgproc.dylib; sourceTree = "<group>"; };
		7A7735F21E284A01000DFE21 /* libopencv_ml.3.2.0.dylib */ = {isa = PBXFileReference; lastKnownFileType = "compiled.mach-o.dylib"; name = libopencv_ml.3.2.0.dylib; path = VisionCode/Frameworks/libopencv_ml.3.2.0.dylib; sourceTree = "<group>"; };
		7A7735F31E284A01000DFE21 /* libopencv_ml.3.2.dylib */ = {isa = PBXFileReference; lastKnownFileType = "compiled.mach-o.dylib"; name = libopencv_ml.3.2.dylib; path = VisionCode/Frameworks/libopencv_ml.3.2.dylib; sourceTree = "<group>"; };
		7A7735F41E284A01000DFE21 /* libopencv_ml.dylib */ = {isa = PBXFileReference; lastKnownFileType = "compiled.mach-o.dylib"; name = libopencv_ml.dylib; path = VisionCode/Frameworks/libopencv_ml.dylib; sourceTree = "<group>"; };
		7A7735F51E284A01000DFE21 /* libopencv_objdetect.3.2.0.dylib */ = {isa = PBXFileReference; lastKnownFileType = "compiled.mach-o.dylib"; name = libopencv_objdetect.3.2.0.dylib; path = VisionCode/Frameworks/libopencv_objdetect.3.2.0.dylib; sourceTree = "<group>"; };
		7A7735F61E284A01000DFE21 /* libopencv_objdetect.3.2.dylib */ = {isa = PBXFileReference; lastKnownFileType = "compiled.mach-o.dylib"; name = libopencv_objdetect.3.2.dylib; path = VisionCode/Frameworks/libopencv_objdetect.3.2.dylib; sourceTree = "<group>"; };
		7A7735F71E284A01000DFE21 /* libopencv_objdetect.dylib */ = {isa = PBXFileReference; lastKnownFileType = "compiled.mach-o.dylib"; name = libopencv_objdetect.dylib; path = VisionCode/Frameworks/libopencv_objdetect.dylib; sourceTree = "<group>"; };
		7A7735F81E284A01000DFE21 /* libopencv_photo.3.2.0.dylib */ = {isa = PBXFileReference; lastKnownFileType = "compiled.mach-o.dylib"; name = libopencv_photo.3.2.0.dylib; path = VisionCode/Frameworks/libopencv_photo.3.2.0.dylib; sourceTree = "<group>"; };
		7A7735F91E284A01000DFE21 /* libopencv_photo.3.2.dylib */ = {isa = PBXFileReference; lastKnownFileType = "compiled.mach-o.dylib"; name = libopencv_photo.3.2.dylib; path = VisionCode/Frameworks/libopencv_photo.3.2.dylib; sourceTree = "<group>"; };
		7A7735FA1E284A01000DFE21 /* libopencv_photo.dylib */ = {isa = PBXFileReference; lastKnownFileType = "compiled.mach-o.dylib"; name = libopencv_photo.dylib; path = VisionCode/Frameworks/libopencv_photo.dylib; sourceTree = "<group>"; };
		7A7735FB1E284A01000DFE21 /* libopencv_shape.3.2.0.dylib */ = {isa = PBXFileReference; lastKnownFileType = "compiled.mach-o.dylib"; name = libopencv_shape.3.2.0.dylib; path = VisionCode/Frameworks/libopencv_shape.3.2.0.dylib; sourceTree = "<group>"; };
		7A7735FC1E284A01000DFE21 /* libopencv_shape.3.2.dylib */ = {isa = PBXFileReference; lastKnownFileType = "compiled.mach-o.dylib"; name = libopencv_shape.3.2.dylib; path = VisionCode/Frameworks/libopencv_shape.3.2.dylib; sourceTree = "<group>"; };
		7A7735FD1E284A01000DFE21 /* libopencv_shape.dylib */ = {isa = PBXFileReference; lastKnownFileType = "compiled.mach-o.dylib"; name = libopencv_shape.dylib; path = VisionCode/Frameworks/libopencv_shape.dylib; sourceTree = "<group>"; };
		7A7735FE1E284A01000DFE21 /* libopencv_stitching.3.2.0.dylib */ = {isa = PBXFileReference; lastKnownFileType = "compiled.mach-o.dylib"; name = libopencv_stitching.3.2.0.dylib; path = VisionCode/Frameworks/libopencv_stitching.3.2.0.dylib; sourceTree = "<group>"; };
		7A7735FF1E284A01000DFE21 /* libopencv_stitching.3.2.dylib */ = {isa = PBXFileReference; lastKnownFileType = "compiled.mach-o.dylib"; name = libopencv_stitching.3.2.dylib; path = VisionCode/Frameworks/libopencv_stitching.3.2.dylib; sourceTree = "<group>"; };
		7A7736001E284A01000DFE21 /* libopencv_stitching.dylib */ = {isa = PBXFileReference; lastKnownFileType = "compiled.mach-o.dylib"; name = libopencv_stitching.dylib; path = VisionCode/Frameworks/libopencv_stitching.dylib; sourceTree = "<group>"; };
		7A7736011E284A01000DFE21 /* libopencv_superres.3.2.0.dylib */ = {isa = PBXFileReference; lastKnownFileType = "compiled.mach-o.dylib"; name = libopencv_superres.3.2.0.dylib; path = VisionCode/Frameworks/libopencv_superres.3.2.0.dylib; sourceTree = "<group>"; };
		7A7736021E284A01000DFE21 /* libopencv_superres.3.2.dylib */ = {isa = PBXFileReference; lastKnownFileType = "compiled.mach-o.dylib"; name = libopencv_superres.3.2.dylib; path = VisionCode/Frameworks/libopencv_superres.3.2.dylib; sourceTree = "<group>"; };
		7A7736031E284A01000DFE21 /* libopencv_superres.dylib */ = {isa = PBXFileReference; lastKnownFileType = "compiled.mach-o.dylib"; name = libopencv_superres.dylib; path = VisionCode/Frameworks/libopencv_superres.dylib; sourceTree = "<group>"; };
		7A7736041E284A01000DFE21 /* libopencv_ts.a */ = {isa = PBXFileReference; lastKnownFileType = archive.ar; name = libopencv_ts.a; path = VisionCode/Frameworks/libopencv_ts.a; sourceTree = "<group>"; };
		7A7736051E284A01000DFE21 /* libopencv_video.3.2.0.dylib */ = {isa = PBXFileReference; lastKnownFileType = "compiled.mach-o.dylib"; name = libopencv_video.3.2.0.dylib; path = VisionCode/Frameworks/libopencv_video.3.2.0.dylib; sourceTree = "<group>"; };
		7A7736061E284A01000DFE21 /* libopencv_video.3.2.dylib */ = {isa = PBXFileReference; lastKnownFileType = "compiled.mach-o.dylib"; name = libopencv_video.3.2.dylib; path = VisionCode/Frameworks/libopencv_video.3.2.dylib; sourceTree = "<group>"; };
		7A7736071E284A01000DFE21 /* libopencv_video.dylib */ = {isa = PBXFileReference; lastKnownFileType = "compiled.mach-o.dylib"; name = libopencv_video.dylib; path = VisionCode/Frameworks/libopencv_video.dylib; sourceTree = "<group>"; };
		7A7736081E284A01000DFE21 /* libopencv_videoio.3.2.0.dylib */ = {isa = PBXFileReference; lastKnownFileType = "compiled.mach-o.dylib"; name = libopencv_videoio.3.2.0.dylib; path = VisionCode/Frameworks/libopencv_videoio.3.2.0.dylib; sourceTree = "<group>"; };
		7A7736091E284A01000DFE21 /* libopencv_videoio.3.2.dylib */ = {isa = PBXFileReference; lastKnownFileType = "compiled.mach-o.dylib"; name = libopencv_videoio.3.2.dylib; path = VisionCode/Frameworks/libopencv_videoio.3.2.dylib; sourceTree = "<group>"; };
		7A77360A1E284A01000DFE21 /* libopencv_videoio.dylib */ = {isa = PBXFileReference; lastKnownFileType = "compiled.mach-o.dylib"; name = libopencv_videoio.dylib; path = VisionCode/Frameworks/libopencv_videoio.dylib; sourceTree = "<group>"; };
		7A77360B1E284A01000DFE21 /* libopencv_videostab.3.2.0.dylib */ = {isa = PBXFileReference; lastKnownFileType = "compiled.mach-o.dylib"; name = libopencv_videostab.3.2.0.dylib; path = VisionCode/Frameworks/libopencv_videostab.3.2.0.dylib; sourceTree = "<group>"; };
		7A77360C1E284A01000DFE21 /* libopencv_videostab.3.2.dylib */ = {isa = PBXFileReference; lastKnownFileType = "compiled.mach-o.dylib"; name = libopencv_videostab.3.2.dylib; path = VisionCode/Frameworks/libopencv_videostab.3.2.dylib; sourceTree = "<group>"; };
		7A77360D1E284A01000DFE21 /* libopencv_videostab.dylib */ = {isa = PBXFileReference; lastKnownFileType = "compiled.mach-o.dylib"; name = libopencv_videostab.dylib; path = VisionCode/Frameworks/libopencv_videostab.dylib; sourceTree = "<group>"; };
/* End PBXFileReference section */

/* Begin PBXFrameworksBuildPhase section */
		7A0E0B271CDAA40A005C7649 /* Frameworks */ = {
			isa = PBXFrameworksBuildPhase;
			buildActionMask = 2147483647;
			files = (
				7A77360E1E284A01000DFE21 /* cv2.so in Frameworks */,
				7A77360F1E284A01000DFE21 /* libopencv_calib3d.3.2.0.dylib in Frameworks */,
				7A7736101E284A01000DFE21 /* libopencv_calib3d.3.2.dylib in Frameworks */,
				7A7736111E284A01000DFE21 /* libopencv_calib3d.dylib in Frameworks */,
				7A7736121E284A01000DFE21 /* libopencv_core.3.2.0.dylib in Frameworks */,
				7A7736131E284A01000DFE21 /* libopencv_core.3.2.dylib in Frameworks */,
				7A7736141E284A01000DFE21 /* libopencv_core.dylib in Frameworks */,
				7A7736151E284A01000DFE21 /* libopencv_features2d.3.2.0.dylib in Frameworks */,
				7A7736161E284A01000DFE21 /* libopencv_features2d.3.2.dylib in Frameworks */,
				7A7736171E284A01000DFE21 /* libopencv_features2d.dylib in Frameworks */,
				7A7736181E284A01000DFE21 /* libopencv_flann.3.2.0.dylib in Frameworks */,
				7A7736191E284A01000DFE21 /* libopencv_flann.3.2.dylib in Frameworks */,
				7A77361A1E284A01000DFE21 /* libopencv_flann.dylib in Frameworks */,
				7A77361B1E284A01000DFE21 /* libopencv_highgui.3.2.0.dylib in Frameworks */,
				7A77361C1E284A01000DFE21 /* libopencv_highgui.3.2.dylib in Frameworks */,
				7A77361D1E284A01000DFE21 /* libopencv_highgui.dylib in Frameworks */,
				7A77361E1E284A01000DFE21 /* libopencv_imgcodecs.3.2.0.dylib in Frameworks */,
				7A77361F1E284A01000DFE21 /* libopencv_imgcodecs.3.2.dylib in Frameworks */,
				7A7736201E284A01000DFE21 /* libopencv_imgcodecs.dylib in Frameworks */,
				7A7736211E284A01000DFE21 /* libopencv_imgproc.3.2.0.dylib in Frameworks */,
				7A7736221E284A01000DFE21 /* libopencv_imgproc.3.2.dylib in Frameworks */,
				7A7736231E284A01000DFE21 /* libopencv_imgproc.dylib in Frameworks */,
				7A7736241E284A01000DFE21 /* libopencv_ml.3.2.0.dylib in Frameworks */,
				7A7736251E284A01000DFE21 /* libopencv_ml.3.2.dylib in Frameworks */,
				7A7736261E284A01000DFE21 /* libopencv_ml.dylib in Frameworks */,
				7A7736271E284A01000DFE21 /* libopencv_objdetect.3.2.0.dylib in Frameworks */,
				7A7736281E284A01000DFE21 /* libopencv_objdetect.3.2.dylib in Frameworks */,
				7A7736291E284A01000DFE21 /* libopencv_objdetect.dylib in Frameworks */,
				7A77362A1E284A01000DFE21 /* libopencv_photo.3.2.0.dylib in Frameworks */,
				7A77362B1E284A01000DFE21 /* libopencv_photo.3.2.dylib in Frameworks */,
				7A77362C1E284A01000DFE21 /* libopencv_photo.dylib in Frameworks */,
				7A77362D1E284A01000DFE21 /* libopencv_shape.3.2.0.dylib in Frameworks */,
				7A77362E1E284A01000DFE21 /* libopencv_shape.3.2.dylib in Frameworks */,
				7A77362F1E284A01000DFE21 /* libopencv_shape.dylib in Frameworks */,
				7A7736301E284A01000DFE21 /* libopencv_stitching.3.2.0.dylib in Frameworks */,
				7A7736311E284A01000DFE21 /* libopencv_stitching.3.2.dylib in Frameworks */,
				7A7736321E284A01000DFE21 /* libopencv_stitching.dylib in Frameworks */,
				7A7736331E284A01000DFE21 /* libopencv_superres.3.2.0.dylib in Frameworks */,
				7A7736341E284A01000DFE21 /* libopencv_superres.3.2.dylib in Frameworks */,
				7A7736351E284A01000DFE21 /* libopencv_superres.dylib in Frameworks */,
				7A7736361E284A01000DFE21 /* libopencv_ts.a in Frameworks */,
				7A7736371E284A01000DFE21 /* libopencv_video.3.2.0.dylib in Frameworks */,
				7A7736381E284A01000DFE21 /* libopencv_video.3.2.dylib in Frameworks */,
				7A7736391E284A01000DFE21 /* libopencv_video.dylib in Frameworks */,
				7A77363A1E284A01000DFE21 /* libopencv_videoio.3.2.0.dylib in Frameworks */,
				7A77363B1E284A01000DFE21 /* libopencv_videoio.3.2.dylib in Frameworks */,
				7A77363C1E284A01000DFE21 /* libopencv_videoio.dylib in Frameworks */,
				7A77363D1E284A01000DFE21 /* libopencv_videostab.3.2.0.dylib in Frameworks */,
				7A77363E1E284A01000DFE21 /* libopencv_videostab.3.2.dylib in Frameworks */,
				7A77363F1E284A01000DFE21 /* libopencv_videostab.dylib in Frameworks */,
			);
			runOnlyForDeploymentPostprocessing = 0;
		};
/* End PBXFrameworksBuildPhase section */

/* Begin PBXGroup section */
		7A0E0B211CDAA409005C7649 = {
			isa = PBXGroup;
			children = (
				7A7735DC1E284A01000DFE21 /* cv2.so */,
				7A7735DD1E284A01000DFE21 /* libopencv_calib3d.3.2.0.dylib */,
				7A7735DE1E284A01000DFE21 /* libopencv_calib3d.3.2.dylib */,
				7A7735DF1E284A01000DFE21 /* libopencv_calib3d.dylib */,
				7A7735E01E284A01000DFE21 /* libopencv_core.3.2.0.dylib */,
				7A7735E11E284A01000DFE21 /* libopencv_core.3.2.dylib */,
				7A7735E21E284A01000DFE21 /* libopencv_core.dylib */,
				7A7735E31E284A01000DFE21 /* libopencv_features2d.3.2.0.dylib */,
				7A7735E41E284A01000DFE21 /* libopencv_features2d.3.2.dylib */,
				7A7735E51E284A01000DFE21 /* libopencv_features2d.dylib */,
				7A7735E61E284A01000DFE21 /* libopencv_flann.3.2.0.dylib */,
				7A7735E71E284A01000DFE21 /* libopencv_flann.3.2.dylib */,
				7A7735E81E284A01000DFE21 /* libopencv_flann.dylib */,
				7A7735E91E284A01000DFE21 /* libopencv_highgui.3.2.0.dylib */,
				7A7735EA1E284A01000DFE21 /* libopencv_highgui.3.2.dylib */,
				7A7735EB1E284A01000DFE21 /* libopencv_highgui.dylib */,
				7A7735EC1E284A01000DFE21 /* libopencv_imgcodecs.3.2.0.dylib */,
				7A7735ED1E284A01000DFE21 /* libopencv_imgcodecs.3.2.dylib */,
				7A7735EE1E284A01000DFE21 /* libopencv_imgcodecs.dylib */,
				7A7735EF1E284A01000DFE21 /* libopencv_imgproc.3.2.0.dylib */,
				7A7735F01E284A01000DFE21 /* libopencv_imgproc.3.2.dylib */,
				7A7735F11E284A01000DFE21 /* libopencv_imgproc.dylib */,
				7A7735F21E284A01000DFE21 /* libopencv_ml.3.2.0.dylib */,
				7A7735F31E284A01000DFE21 /* libopencv_ml.3.2.dylib */,
				7A7735F41E284A01000DFE21 /* libopencv_ml.dylib */,
				7A7735F51E284A01000DFE21 /* libopencv_objdetect.3.2.0.dylib */,
				7A7735F61E284A01000DFE21 /* libopencv_objdetect.3.2.dylib */,
				7A7735F71E284A01000DFE21 /* libopencv_objdetect.dylib */,
				7A7735F81E284A01000DFE21 /* libopencv_photo.3.2.0.dylib */,
				7A7735F91E284A01000DFE21 /* libopencv_photo.3.2.dylib */,
				7A7735FA1E284A01000DFE21 /* libopencv_photo.dylib */,
				7A7735FB1E284A01000DFE21 /* libopencv_shape.3.2.0.dylib */,
				7A7735FC1E284A01000DFE21 /* libopencv_shape.3.2.dylib */,
				7A7735FD1E284A01000DFE21 /* libopencv_shape.dylib */,
				7A7735FE1E284A01000DFE21 /* libopencv_stitching.3.2.0.dylib */,
				7A7735FF1E284A01000DFE21 /* libopencv_stitching.3.2.dylib */,
				7A7736001E284A01000DFE21 /* libopencv_stitching.dylib */,
				7A7736011E284A01000DFE21 /* libopencv_superres.3.2.0.dylib */,
				7A7736021E284A01000DFE21 /* libopencv_superres.3.2.dylib */,
				7A7736031E284A01000DFE21 /* libopencv_superres.dylib */,
				7A7736041E284A01000DFE21 /* libopencv_ts.a */,
				7A7736051E284A01000DFE21 /* libopencv_video.3.2.0.dylib */,
				7A7736061E284A01000DFE21 /* libopencv_video.3.2.dylib */,
				7A7736071E284A01000DFE21 /* libopencv_video.dylib */,
				7A7736081E284A01000DFE21 /* libopencv_videoio.3.2.0.dylib */,
				7A7736091E284A01000DFE21 /* libopencv_videoio.3.2.dylib */,
				7A77360A1E284A01000DFE21 /* libopencv_videoio.dylib */,
				7A77360B1E284A01000DFE21 /* libopencv_videostab.3.2.0.dylib */,
				7A77360C1E284A01000DFE21 /* libopencv_videostab.3.2.dylib */,
				7A77360D1E284A01000DFE21 /* libopencv_videostab.dylib */,
				7A0E0B2C1CDAA40A005C7649 /* VisionCode */,
				7A0E0B2B1CDAA40A005C7649 /* Products */,
			);
			sourceTree = "<group>";
		};
		7A0E0B2B1CDAA40A005C7649 /* Products */ = {
			isa = PBXGroup;
			children = (
				7A0E0B2A1CDAA40A005C7649 /* VisionCode */,
			);
			name = Products;
			sourceTree = "<group>";
		};
		7A0E0B2C1CDAA40A005C7649 /* VisionCode */ = {
			isa = PBXGroup;
			children = (
				7A0E0B2D1CDAA40A005C7649 /* main.cpp */,
			);
			path = VisionCode;
			sourceTree = "<group>";
		};
/* End PBXGroup section */

/* Begin PBXNativeTarget section */
		7A0E0B291CDAA40A005C7649 /* VisionCode */ = {
			isa = PBXNativeTarget;
			buildConfigurationList = 7A0E0B311CDAA40A005C7649 /* Build configuration list for PBXNativeTarget "VisionCode" */;
			buildPhases = (
				7A0E0B261CDAA40A005C7649 /* Sources */,
				7A0E0B271CDAA40A005C7649 /* Frameworks */,
				7A0E0B281CDAA40A005C7649 /* CopyFiles */,
			);
			buildRules = (
			);
			dependencies = (
			);
			name = VisionCode;
			productName = VisionCode;
			productReference = 7A0E0B2A1CDAA40A005C7649 /* VisionCode */;
			productType = "com.apple.product-type.tool";
		};
/* End PBXNativeTarget section */

/* Begin PBXProject section */
		7A0E0B221CDAA409005C7649 /* Project object */ = {
			isa = PBXProject;
			attributes = {
				LastUpgradeCheck = 0720;
				ORGANIZATIONNAME = Jackson;
				TargetAttributes = {
					7A0E0B291CDAA40A005C7649 = {
						CreatedOnToolsVersion = 7.2;
					};
				};
			};
			buildConfigurationList = 7A0E0B251CDAA409005C7649 /* Build configuration list for PBXProject "VisionCode" */;
			compatibilityVersion = "Xcode 6.3";
			developmentRegion = English;
			hasScannedForEncodings = 0;
			knownRegions = (
				en,
			);
			mainGroup = 7A0E0B211CDAA409005C7649;
			productRefGroup = 7A0E0B2B1CDAA40A005C7649 /* Products */;
			projectDirPath = "";
			projectRoot = "";
			targets = (
				7A0E0B291CDAA40A005C7649 /* VisionCode */,
			);
		};
/* End PBXProject section */

/* Begin PBXSourcesBuildPhase section */
		7A0E0B261CDAA40A005C7649 /* Sources */ = {
			isa = PBXSourcesBuildPhase;
			buildActionMask = 2147483647;
			files = (
				7A0E0B2E1CDAA40A005C7649 /* main.cpp in Sources */,
			);
			runOnlyForDeploymentPostprocessing = 0;
		};
/* End PBXSourcesBuildPhase section */

/* Begin XCBuildConfiguration section */
		7A0E0B2F1CDAA40A005C7649 /* Debug */ = {
			isa = XCBuildConfiguration;
			buildSettings = {
				ALWAYS_SEARCH_USER_PATHS = NO;
				CLANG_CXX_LANGUAGE_STANDARD = "gnu++0x";
				CLANG_CXX_LIBRARY = "libc++";
				CLANG_ENABLE_MODULES = YES;
				CLANG_ENABLE_OBJC_ARC = YES;
				CLANG_WARN_BOOL_CONVERSION = YES;
				CLANG_WARN_CONSTANT_CONVERSION = YES;
				CLANG_WARN_DIRECT_OBJC_ISA_USAGE = YES_ERROR;
				CLANG_WARN_EMPTY_BODY = YES;
				CLANG_WARN_ENUM_CONVERSION = YES;
				CLANG_WARN_INT_CONVERSION = YES;
				CLANG_WARN_OBJC_ROOT_CLASS = YES_ERROR;
				CLANG_WARN_UNREACHABLE_CODE = YES;
				CLANG_WARN__DUPLICATE_METHOD_MATCH = YES;
				CODE_SIGN_IDENTITY = "-";
				COPY_PHASE_STRIP = NO;
				DEBUG_INFORMATION_FORMAT = dwarf;
				ENABLE_STRICT_OBJC_MSGSEND = YES;
				ENABLE_TESTABILITY = YES;
				GCC_C_LANGUAGE_STANDARD = gnu99;
				GCC_DYNAMIC_NO_PIC = NO;
				GCC_NO_COMMON_BLOCKS = YES;
				GCC_OPTIMIZATION_LEVEL = 0;
				GCC_PREPROCESSOR_DEFINITIONS = (
					"DEBUG=1",
					"$(inherited)",
				);
				GCC_WARN_64_TO_32_BIT_CONVERSION = YES;
				GCC_WARN_ABOUT_RETURN_TYPE = YES_ERROR;
				GCC_WARN_UNDECLARED_SELECTOR = YES;
				GCC_WARN_UNINITIALIZED_AUTOS = YES_AGGRESSIVE;
				GCC_WARN_UNUSED_FUNCTION = YES;
				GCC_WARN_UNUSED_VARIABLE = YES;
				MACOSX_DEPLOYMENT_TARGET = 10.11;
				MTL_ENABLE_DEBUG_INFO = YES;
				ONLY_ACTIVE_ARCH = YES;
				SDKROOT = macosx;
			};
			name = Debug;
		};
		7A0E0B301CDAA40A005C7649 /* Release */ = {
			isa = XCBuildConfiguration;
			buildSettings = {
				ALWAYS_SEARCH_USER_PATHS = NO;
				CLANG_CXX_LANGUAGE_STANDARD = "gnu++0x";
				CLANG_CXX_LIBRARY = "libc++";
				CLANG_ENABLE_MODULES = YES;
				CLANG_ENABLE_OBJC_ARC = YES;
				CLANG_WARN_BOOL_CONVERSION = YES;
				CLANG_WARN_CONSTANT_CONVERSION = YES;
				CLANG_WARN_DIRECT_OBJC_ISA_USAGE = YES_ERROR;
				CLANG_WARN_EMPTY_BODY = YES;
				CLANG_WARN_ENUM_CONVERSION = YES;
				CLANG_WARN_INT_CONVERSION = YES;
				CLANG_WARN_OBJC_ROOT_CLASS = YES_ERROR;
				CLANG_WARN_UNREACHABLE_CODE = YES;
				CLANG_WARN__DUPLICATE_METHOD_MATCH = YES;
				CODE_SIGN_IDENTITY = "-";
				COPY_PHASE_STRIP = NO;
				DEBUG_INFORMATION_FORMAT = "dwarf-with-dsym";
				ENABLE_NS_ASSERTIONS = NO;
				ENABLE_STRICT_OBJC_MSGSEND = YES;
				GCC_C_LANGUAGE_STANDARD = gnu99;
				GCC_NO_COMMON_BLOCKS = YES;
				GCC_WARN_64_TO_32_BIT_CONVERSION = YES;
				GCC_WARN_ABOUT_RETURN_TYPE = YES_ERROR;
				GCC_WARN_UNDECLARED_SELECTOR = YES;
				GCC_WARN_UNINITIALIZED_AUTOS = YES_AGGRESSIVE;
				GCC_WARN_UNUSED_FUNCTION = YES;
				GCC_WARN_UNUSED_VARIABLE = YES;
				MACOSX_DEPLOYMENT_TARGET = 10.11;
				MTL_ENABLE_DEBUG_INFO = NO;
				SDKROOT = macosx;
			};
			name = Release;
		};
		7A0E0B321CDAA40A005C7649 /* Debug */ = {
			isa = XCBuildConfiguration;
			buildSettings = {
				ALWAYS_SEARCH_USER_PATHS = YES;
				CLANG_CXX_LIBRARY = "libc++";
				HEADER_SEARCH_PATHS = /usr/local/include;
				LIBRARY_SEARCH_PATHS = (
					/usr/local/lib,
					"$(PROJECT_DIR)/VisionCode/Frameworks",
				);
				OTHER_LDFLAGS = (
					"-lopencv_calib3d",
					"-lopencv_core",
					"-lopencv_features2d",
					"-lopencv_flann",
					"-lopencv_highgui",
					"-lopencv_imgproc",
					"-lopencv_ml",
					"-lopencv_objdetect",
					"-lopencv_photo",
					"-lopencv_stitching",
					"-lopencv_superres",
					"-lopencv_video",
					"-lopencv_ts",
				);
				PRODUCT_NAME = "$(TARGET_NAME)";
				USER_HEADER_SEARCH_PATHS = /usr/local/include;
			};
			name = Debug;
		};
		7A0E0B331CDAA40A005C7649 /* Release */ = {
			isa = XCBuildConfiguration;
			buildSettings = {
				ALWAYS_SEARCH_USER_PATHS = YES;
				CLANG_CXX_LIBRARY = "libc++";
				HEADER_SEARCH_PATHS = /usr/local/include;
				LIBRARY_SEARCH_PATHS = (
					/usr/local/lib,
					"$(PROJECT_DIR)/VisionCode/Frameworks",
				);
				OTHER_LDFLAGS = (
					"-lopencv_calib3d",
					"-lopencv_core",
					"-lopencv_features2d",
					"-lopencv_flann",
					"-lopencv_highgui",
					"-lopencv_imgproc",
					"-lopencv_ml",
					"-lopencv_objdetect",
					"-lopencv_photo",
					"-lopencv_stitching",
					"-lopencv_superres",
					"-lopencv_video",
					"-lopencv_ts",
				);
				PRODUCT_NAME = "$(TARGET_NAME)";
				USER_HEADER_SEARCH_PATHS = /usr/local/include;
			};
			name = Release;
		};
/* End XCBuildConfiguration section */

/* Begin XCConfigurationList section */
		7A0E0B251CDAA409005C7649 /* Build configuration list for PBXProject "VisionCode" */ = {
			isa = XCConfigurationList;
			buildConfigurations = (
				7A0E0B2F1CDAA40A005C7649 /* Debug */,
				7A0E0B301CDAA40A005C7649 /* Release */,
			);
			defaultConfigurationIsVisible = 0;
			defaultConfigurationName = Release;
		};
		7A0E0B311CDAA40A005C7649 /* Build configuration list for PBXNativeTarget "VisionCode" */ = {
			isa = XCConfigurationList;
			buildConfigurations = (
				7A0E0B321CDAA40A005C7649 /* Debug */,
				7A0E0B331CDAA40A005C7649 /* Release */,
			);
			defaultConfigurationIsVisible = 0;
			defaultConfigurationName = Release;
		};
/* End XCConfigurationList section */
	};
	rootObject = 7A0E0B221CDAA409005C7649 /* Project object */;
}
